// !$*UTF8*$!
{
	archiveVersion = 1;
	classes = {
	};
	objectVersion = 46;
	objects = {

/* Begin PBXBuildFile section */
		5E0538631C589A8C00CF8317 /* BaseTableController.m in Sources */ = {isa = PBXBuildFile; fileRef = 5E0538611C589A8C00CF8317 /* BaseTableController.m */; };
		5E0538641C589A8C00CF8317 /* BaseTableController.xib in Resources */ = {isa = PBXBuildFile; fileRef = 5E0538621C589A8C00CF8317 /* BaseTableController.xib */; };
		5E0A8B241C83F1070007A9EA /* IIViewDeckLeftController.m in Sources */ = {isa = PBXBuildFile; fileRef = 5E0A8B221C83F1070007A9EA /* IIViewDeckLeftController.m */; };
		5E0A8B251C83F1070007A9EA /* IIViewDeckLeftController.xib in Resources */ = {isa = PBXBuildFile; fileRef = 5E0A8B231C83F1070007A9EA /* IIViewDeckLeftController.xib */; };
		5E0A8B341C8440290007A9EA /* ArticleCollectViewController.m in Sources */ = {isa = PBXBuildFile; fileRef = 5E0A8B321C8440290007A9EA /* ArticleCollectViewController.m */; };
		5E0A8B351C8440290007A9EA /* ArticleCollectViewController.xib in Resources */ = {isa = PBXBuildFile; fileRef = 5E0A8B331C8440290007A9EA /* ArticleCollectViewController.xib */; };
		5E0A8B3B1C84409E0007A9EA /* ArticleCollectCell.m in Sources */ = {isa = PBXBuildFile; fileRef = 5E0A8B3A1C84409E0007A9EA /* ArticleCollectCell.m */; };
		5E0A8B3E1C8440B60007A9EA /* ArticleCollectModel.m in Sources */ = {isa = PBXBuildFile; fileRef = 5E0A8B3D1C8440B60007A9EA /* ArticleCollectModel.m */; };
		5E0A8B401C8440CF0007A9EA /* ArticleCollectCell.xib in Resources */ = {isa = PBXBuildFile; fileRef = 5E0A8B3F1C8440CF0007A9EA /* ArticleCollectCell.xib */; };
		5E0A8B441C8594E30007A9EA /* SCTableViewController.m in Sources */ = {isa = PBXBuildFile; fileRef = 5E0A8B431C8594E30007A9EA /* SCTableViewController.m */; };
		5E173A191C76C14900D2F0D7 /* CacheManager.m in Sources */ = {isa = PBXBuildFile; fileRef = 5E173A181C76C14900D2F0D7 /* CacheManager.m */; };
		5E173A1C1C7AD76100D2F0D7 /* BaseWebManager.m in Sources */ = {isa = PBXBuildFile; fileRef = 5E173A1B1C7AD76100D2F0D7 /* BaseWebManager.m */; };
		5E173A1E1C7AFBAF00D2F0D7 /* amplifyTest.html in Resources */ = {isa = PBXBuildFile; fileRef = 5E173A1D1C7AFBAF00D2F0D7 /* amplifyTest.html */; };
		5E173A201C7AFBB800D2F0D7 /* index.js in Resources */ = {isa = PBXBuildFile; fileRef = 5E173A1F1C7AFBB800D2F0D7 /* index.js */; };
		5E173A251C7AFC1400D2F0D7 /* TestWebViewController.m in Sources */ = {isa = PBXBuildFile; fileRef = 5E173A231C7AFC1400D2F0D7 /* TestWebViewController.m */; };
		5E173A261C7AFC1400D2F0D7 /* TestWebViewController.xib in Resources */ = {isa = PBXBuildFile; fileRef = 5E173A241C7AFC1400D2F0D7 /* TestWebViewController.xib */; };
		5E173A321C7D589200D2F0D7 /* FTWCache.m in Sources */ = {isa = PBXBuildFile; fileRef = 5E173A311C7D589200D2F0D7 /* FTWCache.m */; };
		5E173A361C7D58B500D2F0D7 /* FTWViewController.m in Sources */ = {isa = PBXBuildFile; fileRef = 5E173A341C7D58B500D2F0D7 /* FTWViewController.m */; };
		5E173A371C7D58B500D2F0D7 /* FTWViewController.xib in Resources */ = {isa = PBXBuildFile; fileRef = 5E173A351C7D58B500D2F0D7 /* FTWViewController.xib */; };
		5E173A3A1C7D595800D2F0D7 /* NSString+MD5.m in Sources */ = {isa = PBXBuildFile; fileRef = 5E173A391C7D595800D2F0D7 /* NSString+MD5.m */; };
		5E173A3C1C7D832400D2F0D7 /* fffff.mp3 in Resources */ = {isa = PBXBuildFile; fileRef = 5E173A3B1C7D832400D2F0D7 /* fffff.mp3 */; };
		5E173A431C7D928400D2F0D7 /* AmplifyCache.m in Sources */ = {isa = PBXBuildFile; fileRef = 5E173A421C7D928400D2F0D7 /* AmplifyCache.m */; };
		5E173A521C7ED0CE00D2F0D7 /* CustomURLCache.m in Sources */ = {isa = PBXBuildFile; fileRef = 5E173A511C7ED0CE00D2F0D7 /* CustomURLCache.m */; };
		5E173A551C7ED0E200D2F0D7 /* Util.m in Sources */ = {isa = PBXBuildFile; fileRef = 5E173A541C7ED0E200D2F0D7 /* Util.m */; };
		5E173A581C7ED22C00D2F0D7 /* Reachability.m in Sources */ = {isa = PBXBuildFile; fileRef = 5E173A571C7ED22C00D2F0D7 /* Reachability.m */; };
		5E173A5C1C7ED46900D2F0D7 /* WebCacheViewController.m in Sources */ = {isa = PBXBuildFile; fileRef = 5E173A5A1C7ED46900D2F0D7 /* WebCacheViewController.m */; };
		5E173A5D1C7ED46900D2F0D7 /* WebCacheViewController.xib in Resources */ = {isa = PBXBuildFile; fileRef = 5E173A5B1C7ED46900D2F0D7 /* WebCacheViewController.xib */; };
		5E173A651C7EE23200D2F0D7 /* LookForViewController.m in Sources */ = {isa = PBXBuildFile; fileRef = 5E173A631C7EE23200D2F0D7 /* LookForViewController.m */; };
		5E173A661C7EE23200D2F0D7 /* LookForViewController.xib in Resources */ = {isa = PBXBuildFile; fileRef = 5E173A641C7EE23200D2F0D7 /* LookForViewController.xib */; };
		5E173A6A1C7EE24B00D2F0D7 /* DiscoverViewController.m in Sources */ = {isa = PBXBuildFile; fileRef = 5E173A681C7EE24B00D2F0D7 /* DiscoverViewController.m */; };
		5E173A6B1C7EE24B00D2F0D7 /* DiscoverViewController.xib in Resources */ = {isa = PBXBuildFile; fileRef = 5E173A691C7EE24B00D2F0D7 /* DiscoverViewController.xib */; };
		5E173A6F1C7EE25900D2F0D7 /* WishViewController.m in Sources */ = {isa = PBXBuildFile; fileRef = 5E173A6D1C7EE25900D2F0D7 /* WishViewController.m */; };
		5E173A701C7EE25900D2F0D7 /* WishViewController.xib in Resources */ = {isa = PBXBuildFile; fileRef = 5E173A6E1C7EE25900D2F0D7 /* WishViewController.xib */; };
		5E173A741C7EE26A00D2F0D7 /* PersonalViewController.m in Sources */ = {isa = PBXBuildFile; fileRef = 5E173A721C7EE26A00D2F0D7 /* PersonalViewController.m */; };
		5E173A751C7EE26A00D2F0D7 /* PersonalViewController.xib in Resources */ = {isa = PBXBuildFile; fileRef = 5E173A731C7EE26A00D2F0D7 /* PersonalViewController.xib */; };
		5E173A7A1C7EE5A500D2F0D7 /* HomeViewController.m in Sources */ = {isa = PBXBuildFile; fileRef = 5E173A781C7EE5A500D2F0D7 /* HomeViewController.m */; };
		5E173A7B1C7EE5A500D2F0D7 /* HomeViewController.xib in Resources */ = {isa = PBXBuildFile; fileRef = 5E173A791C7EE5A500D2F0D7 /* HomeViewController.xib */; };
		5E173A7F1C7EE5B700D2F0D7 /* HomeModel.m in Sources */ = {isa = PBXBuildFile; fileRef = 5E173A7E1C7EE5B700D2F0D7 /* HomeModel.m */; };
		5E173A8A1C7EE5E600D2F0D7 /* HomeInfoController.m in Sources */ = {isa = PBXBuildFile; fileRef = 5E173A821C7EE5E600D2F0D7 /* HomeInfoController.m */; };
		5E173A8B1C7EE5E600D2F0D7 /* HomeInfoController.xib in Resources */ = {isa = PBXBuildFile; fileRef = 5E173A831C7EE5E600D2F0D7 /* HomeInfoController.xib */; };
		5E173A8C1C7EE5E600D2F0D7 /* PersonalInfoViewController.m in Sources */ = {isa = PBXBuildFile; fileRef = 5E173A851C7EE5E600D2F0D7 /* PersonalInfoViewController.m */; };
		5E173A8D1C7EE5E600D2F0D7 /* PersonalInfoViewController.xib in Resources */ = {isa = PBXBuildFile; fileRef = 5E173A861C7EE5E600D2F0D7 /* PersonalInfoViewController.xib */; };
		5E173A8E1C7EE5E600D2F0D7 /* TestViewController.m in Sources */ = {isa = PBXBuildFile; fileRef = 5E173A881C7EE5E600D2F0D7 /* TestViewController.m */; };
		5E173A8F1C7EE5E600D2F0D7 /* TestViewController.xib in Resources */ = {isa = PBXBuildFile; fileRef = 5E173A891C7EE5E600D2F0D7 /* TestViewController.xib */; };
		5E173A931C7EEA0500D2F0D7 /* SlideNavigationController.m in Sources */ = {isa = PBXBuildFile; fileRef = 5E173A921C7EEA0500D2F0D7 /* SlideNavigationController.m */; };
		5E173AA01C7EEA3B00D2F0D7 /* SlideNavigationContorllerAnimatorFade.m in Sources */ = {isa = PBXBuildFile; fileRef = 5E173A971C7EEA3B00D2F0D7 /* SlideNavigationContorllerAnimatorFade.m */; };
		5E173AA11C7EEA3B00D2F0D7 /* SlideNavigationContorllerAnimatorScale.m in Sources */ = {isa = PBXBuildFile; fileRef = 5E173A991C7EEA3B00D2F0D7 /* SlideNavigationContorllerAnimatorScale.m */; };
		5E173AA21C7EEA3B00D2F0D7 /* SlideNavigationContorllerAnimatorScaleAndFade.m in Sources */ = {isa = PBXBuildFile; fileRef = 5E173A9B1C7EEA3B00D2F0D7 /* SlideNavigationContorllerAnimatorScaleAndFade.m */; };
		5E173AA31C7EEA3B00D2F0D7 /* SlideNavigationContorllerAnimatorSlide.m in Sources */ = {isa = PBXBuildFile; fileRef = 5E173A9D1C7EEA3B00D2F0D7 /* SlideNavigationContorllerAnimatorSlide.m */; };
		5E173AA41C7EEA3B00D2F0D7 /* SlideNavigationContorllerAnimatorSlideAndFade.m in Sources */ = {isa = PBXBuildFile; fileRef = 5E173A9F1C7EEA3B00D2F0D7 /* SlideNavigationContorllerAnimatorSlideAndFade.m */; };
		5E5322011C73273F008C0AC9 /* BaseTableCell.m in Sources */ = {isa = PBXBuildFile; fileRef = 5E5321FF1C73273F008C0AC9 /* BaseTableCell.m */; };
		5E5322021C73273F008C0AC9 /* BaseTableCell.xib in Resources */ = {isa = PBXBuildFile; fileRef = 5E5322001C73273F008C0AC9 /* BaseTableCell.xib */; };
		5E5322071C740DB0008C0AC9 /* KCContact.m in Sources */ = {isa = PBXBuildFile; fileRef = 5E5322061C740DB0008C0AC9 /* KCContact.m */; };
		5E53220A1C740DFB008C0AC9 /* KCContactGroup.m in Sources */ = {isa = PBXBuildFile; fileRef = 5E5322091C740DFB008C0AC9 /* KCContactGroup.m */; };
		5E53220E1C740E3C008C0AC9 /* KCMainViewController.m in Sources */ = {isa = PBXBuildFile; fileRef = 5E53220C1C740E3C008C0AC9 /* KCMainViewController.m */; };
		5E53220F1C740E3C008C0AC9 /* KCMainViewController.xib in Resources */ = {isa = PBXBuildFile; fileRef = 5E53220D1C740E3C008C0AC9 /* KCMainViewController.xib */; };
		5E5322131C74559A008C0AC9 /* DrogImageView.m in Sources */ = {isa = PBXBuildFile; fileRef = 5E5322121C745599008C0AC9 /* DrogImageView.m */; };
		5E5322181C745BF2008C0AC9 /* BasketBallViewController.m in Sources */ = {isa = PBXBuildFile; fileRef = 5E5322161C745BF2008C0AC9 /* BasketBallViewController.m */; };
		5E5322191C745BF2008C0AC9 /* BasketBallViewController.xib in Resources */ = {isa = PBXBuildFile; fileRef = 5E5322171C745BF2008C0AC9 /* BasketBallViewController.xib */; };
		5E53221D1C76A72E008C0AC9 /* UtilsManager.m in Sources */ = {isa = PBXBuildFile; fileRef = 5E53221C1C76A72E008C0AC9 /* UtilsManager.m */; };
		5E547B171C60471800155618 /* BaseMultipleSectionTableViewController.m in Sources */ = {isa = PBXBuildFile; fileRef = 5E547B151C60471800155618 /* BaseMultipleSectionTableViewController.m */; };
		5E547B181C60471800155618 /* BaseMultipleSectionTableViewController.xib in Resources */ = {isa = PBXBuildFile; fileRef = 5E547B161C60471800155618 /* BaseMultipleSectionTableViewController.xib */; };
		5E557CEB1C71749E002C1674 /* SwipePageViewController.m in Sources */ = {isa = PBXBuildFile; fileRef = 5E557CE91C71749E002C1674 /* SwipePageViewController.m */; };
		5E557CEF1C718027002C1674 /* MoreViewController.m in Sources */ = {isa = PBXBuildFile; fileRef = 5E557CEE1C718027002C1674 /* MoreViewController.m */; };
		5E557CF31C719F2D002C1674 /* BaseWebView.m in Sources */ = {isa = PBXBuildFile; fileRef = 5E557CF21C719F2D002C1674 /* BaseWebView.m */; };
		5E557CF71C719F48002C1674 /* BaseWebViewController.m in Sources */ = {isa = PBXBuildFile; fileRef = 5E557CF51C719F48002C1674 /* BaseWebViewController.m */; };
		5E557CF81C719F48002C1674 /* BaseWebViewController.xib in Resources */ = {isa = PBXBuildFile; fileRef = 5E557CF61C719F48002C1674 /* BaseWebViewController.xib */; };
		5E557CFC1C71C3F1002C1674 /* BaseSearchViewController.m in Sources */ = {isa = PBXBuildFile; fileRef = 5E557CFA1C71C3F1002C1674 /* BaseSearchViewController.m */; };
		5E557CFD1C71C3F1002C1674 /* BaseSearchViewController.xib in Resources */ = {isa = PBXBuildFile; fileRef = 5E557CFB1C71C3F1002C1674 /* BaseSearchViewController.xib */; };
		5E559BE91C61DF00009F3078 /* BaseServicesManager.m in Sources */ = {isa = PBXBuildFile; fileRef = 5E559BE81C61DF00009F3078 /* BaseServicesManager.m */; };
		5E559BEC1C61F57E009F3078 /* BaseService.m in Sources */ = {isa = PBXBuildFile; fileRef = 5E559BEB1C61F57E009F3078 /* BaseService.m */; };
		5E588C381C55FC4000AD1C16 /* main.m in Sources */ = {isa = PBXBuildFile; fileRef = 5E588C371C55FC4000AD1C16 /* main.m */; };
		5E588C3B1C55FC4000AD1C16 /* AppDelegate.m in Sources */ = {isa = PBXBuildFile; fileRef = 5E588C3A1C55FC4000AD1C16 /* AppDelegate.m */; };
		5E588C431C55FC4000AD1C16 /* Assets.xcassets in Resources */ = {isa = PBXBuildFile; fileRef = 5E588C421C55FC4000AD1C16 /* Assets.xcassets */; };
		5E588C511C55FC4000AD1C16 /* AmplifyTests.m in Sources */ = {isa = PBXBuildFile; fileRef = 5E588C501C55FC4000AD1C16 /* AmplifyTests.m */; };
		5E588C5C1C55FC4000AD1C16 /* AmplifyUITests.m in Sources */ = {isa = PBXBuildFile; fileRef = 5E588C5B1C55FC4000AD1C16 /* AmplifyUITests.m */; };
		5E5A7E8A1C62E5230052935B /* BaseModel.m in Sources */ = {isa = PBXBuildFile; fileRef = 5E5A7E891C62E5230052935B /* BaseModel.m */; };
		5E5A7E8D1C62E5680052935B /* BaseData.m in Sources */ = {isa = PBXBuildFile; fileRef = 5E5A7E8C1C62E5680052935B /* BaseData.m */; };
		5E5A7EAB1C62F2510052935B /* HomTabBarController.m in Sources */ = {isa = PBXBuildFile; fileRef = 5E5A7EA41C62F2510052935B /* HomTabBarController.m */; };
		5E5A7EAC1C62F2510052935B /* HomTabBarController.xib in Resources */ = {isa = PBXBuildFile; fileRef = 5E5A7EA51C62F2510052935B /* HomTabBarController.xib */; };
		5E5A7EB61C633DE00052935B /* DBManager.m in Sources */ = {isa = PBXBuildFile; fileRef = 5E5A7EB51C633DE00052935B /* DBManager.m */; };
		5E5A7EB91C633FAB0052935B /* BaseDbData.m in Sources */ = {isa = PBXBuildFile; fileRef = 5E5A7EB81C633FAB0052935B /* BaseDbData.m */; };
		5E6424E21C57636A009990E6 /* BaseViewController.m in Sources */ = {isa = PBXBuildFile; fileRef = 5E6424E01C57636A009990E6 /* BaseViewController.m */; };
		5E6424E31C57636A009990E6 /* BaseViewController.xib in Resources */ = {isa = PBXBuildFile; fileRef = 5E6424E11C57636A009990E6 /* BaseViewController.xib */; };
		5E6424E71C5763ED009990E6 /* BaseNavigationController.m in Sources */ = {isa = PBXBuildFile; fileRef = 5E6424E51C5763ED009990E6 /* BaseNavigationController.m */; };
		5E6424E81C5763ED009990E6 /* BaseNavigationController.xib in Resources */ = {isa = PBXBuildFile; fileRef = 5E6424E61C5763ED009990E6 /* BaseNavigationController.xib */; };
		5E6424F21C576E96009990E6 /* BaseTabBarController.m in Sources */ = {isa = PBXBuildFile; fileRef = 5E6424F01C576E96009990E6 /* BaseTabBarController.m */; };
		5E6424F31C576E96009990E6 /* BaseTabBarController.xib in Resources */ = {isa = PBXBuildFile; fileRef = 5E6424F11C576E96009990E6 /* BaseTabBarController.xib */; };
		5E64AE841C8026300062F1BC /* ZYWSideTableView.m in Sources */ = {isa = PBXBuildFile; fileRef = 5E64AE811C8026300062F1BC /* ZYWSideTableView.m */; };
		5E64AE851C8026300062F1BC /* ZYWSideView.m in Sources */ = {isa = PBXBuildFile; fileRef = 5E64AE831C8026300062F1BC /* ZYWSideView.m */; };
		5E64AE881C8027300062F1BC /* UIView+SHCZExt.m in Sources */ = {isa = PBXBuildFile; fileRef = 5E64AE871C8027300062F1BC /* UIView+SHCZExt.m */; };
		5E64AE8B1C8027D80062F1BC /* ZYWContainerViewController.m in Sources */ = {isa = PBXBuildFile; fileRef = 5E64AE8A1C8027D80062F1BC /* ZYWContainerViewController.m */; };
		5E673ADD1C701C8F00CA93BB /* BootViewController.m in Sources */ = {isa = PBXBuildFile; fileRef = 5E673ADB1C701C8F00CA93BB /* BootViewController.m */; };
		5E673ADE1C701C8F00CA93BB /* BootViewController.xib in Resources */ = {isa = PBXBuildFile; fileRef = 5E673ADC1C701C8F00CA93BB /* BootViewController.xib */; };
		5E673AE21C7028CA00CA93BB /* UserManager.m in Sources */ = {isa = PBXBuildFile; fileRef = 5E673AE11C7028CA00CA93BB /* UserManager.m */; };
		5E673AE61C705F8C00CA93BB /* ScrollAutoImageView.m in Sources */ = {isa = PBXBuildFile; fileRef = 5E673AE51C705F8C00CA93BB /* ScrollAutoImageView.m */; };
		5E673AEB1C7074B500CA93BB /* SwipeViewController.m in Sources */ = {isa = PBXBuildFile; fileRef = 5E673AE91C7074B500CA93BB /* SwipeViewController.m */; };
		5E673AEC1C7074B500CA93BB /* SwipeViewController.xib in Resources */ = {isa = PBXBuildFile; fileRef = 5E673AEA1C7074B500CA93BB /* SwipeViewController.xib */; };
		FEBEAF2B1E199361DDC886E2 /* libPods.a in Frameworks */ = {isa = PBXBuildFile; fileRef = 7895FFC1F83517A018AEAA1C /* libPods.a */; };
/* End PBXBuildFile section */

/* Begin PBXContainerItemProxy section */
		5E588C4D1C55FC4000AD1C16 /* PBXContainerItemProxy */ = {
			isa = PBXContainerItemProxy;
			containerPortal = 5E588C2B1C55FC4000AD1C16 /* Project object */;
			proxyType = 1;
			remoteGlobalIDString = 5E588C321C55FC4000AD1C16;
			remoteInfo = Amplify;
		};
		5E588C581C55FC4000AD1C16 /* PBXContainerItemProxy */ = {
			isa = PBXContainerItemProxy;
			containerPortal = 5E588C2B1C55FC4000AD1C16 /* Project object */;
			proxyType = 1;
			remoteGlobalIDString = 5E588C321C55FC4000AD1C16;
			remoteInfo = Amplify;
		};
/* End PBXContainerItemProxy section */

/* Begin PBXFileReference section */
		5E0538601C589A8C00CF8317 /* BaseTableController.h */ = {isa = PBXFileReference; fileEncoding = 4; lastKnownFileType = sourcecode.c.h; path = BaseTableController.h; sourceTree = "<group>"; };
		5E0538611C589A8C00CF8317 /* BaseTableController.m */ = {isa = PBXFileReference; fileEncoding = 4; lastKnownFileType = sourcecode.c.objc; path = BaseTableController.m; sourceTree = "<group>"; };
		5E0538621C589A8C00CF8317 /* BaseTableController.xib */ = {isa = PBXFileReference; fileEncoding = 4; lastKnownFileType = file.xib; path = BaseTableController.xib; sourceTree = "<group>"; };
		5E0A8B211C83F1070007A9EA /* IIViewDeckLeftController.h */ = {isa = PBXFileReference; fileEncoding = 4; lastKnownFileType = sourcecode.c.h; path = IIViewDeckLeftController.h; sourceTree = "<group>"; };
		5E0A8B221C83F1070007A9EA /* IIViewDeckLeftController.m */ = {isa = PBXFileReference; fileEncoding = 4; lastKnownFileType = sourcecode.c.objc; path = IIViewDeckLeftController.m; sourceTree = "<group>"; };
		5E0A8B231C83F1070007A9EA /* IIViewDeckLeftController.xib */ = {isa = PBXFileReference; fileEncoding = 4; lastKnownFileType = file.xib; path = IIViewDeckLeftController.xib; sourceTree = "<group>"; };
		5E0A8B311C8440290007A9EA /* ArticleCollectViewController.h */ = {isa = PBXFileReference; fileEncoding = 4; lastKnownFileType = sourcecode.c.h; path = ArticleCollectViewController.h; sourceTree = "<group>"; };
		5E0A8B321C8440290007A9EA /* ArticleCollectViewController.m */ = {isa = PBXFileReference; fileEncoding = 4; lastKnownFileType = sourcecode.c.objc; path = ArticleCollectViewController.m; sourceTree = "<group>"; };
		5E0A8B331C8440290007A9EA /* ArticleCollectViewController.xib */ = {isa = PBXFileReference; fileEncoding = 4; lastKnownFileType = file.xib; path = ArticleCollectViewController.xib; sourceTree = "<group>"; };
		5E0A8B391C84409E0007A9EA /* ArticleCollectCell.h */ = {isa = PBXFileReference; fileEncoding = 4; lastKnownFileType = sourcecode.c.h; path = ArticleCollectCell.h; sourceTree = "<group>"; };
		5E0A8B3A1C84409E0007A9EA /* ArticleCollectCell.m */ = {isa = PBXFileReference; fileEncoding = 4; lastKnownFileType = sourcecode.c.objc; path = ArticleCollectCell.m; sourceTree = "<group>"; };
		5E0A8B3C1C8440B60007A9EA /* ArticleCollectModel.h */ = {isa = PBXFileReference; fileEncoding = 4; lastKnownFileType = sourcecode.c.h; path = ArticleCollectModel.h; sourceTree = "<group>"; };
		5E0A8B3D1C8440B60007A9EA /* ArticleCollectModel.m */ = {isa = PBXFileReference; fileEncoding = 4; lastKnownFileType = sourcecode.c.objc; path = ArticleCollectModel.m; sourceTree = "<group>"; };
		5E0A8B3F1C8440CF0007A9EA /* ArticleCollectCell.xib */ = {isa = PBXFileReference; fileEncoding = 4; lastKnownFileType = file.xib; path = ArticleCollectCell.xib; sourceTree = "<group>"; };
		5E0A8B421C8594E30007A9EA /* SCTableViewController.h */ = {isa = PBXFileReference; fileEncoding = 4; lastKnownFileType = sourcecode.c.h; path = SCTableViewController.h; sourceTree = "<group>"; };
		5E0A8B431C8594E30007A9EA /* SCTableViewController.m */ = {isa = PBXFileReference; fileEncoding = 4; lastKnownFileType = sourcecode.c.objc; path = SCTableViewController.m; sourceTree = "<group>"; };
		5E173A171C76C14900D2F0D7 /* CacheManager.h */ = {isa = PBXFileReference; fileEncoding = 4; lastKnownFileType = sourcecode.c.h; path = CacheManager.h; sourceTree = "<group>"; };
		5E173A181C76C14900D2F0D7 /* CacheManager.m */ = {isa = PBXFileReference; fileEncoding = 4; lastKnownFileType = sourcecode.c.objc; path = CacheManager.m; sourceTree = "<group>"; };
		5E173A1A1C7AD76100D2F0D7 /* BaseWebManager.h */ = {isa = PBXFileReference; fileEncoding = 4; lastKnownFileType = sourcecode.c.h; path = BaseWebManager.h; sourceTree = "<group>"; };
		5E173A1B1C7AD76100D2F0D7 /* BaseWebManager.m */ = {isa = PBXFileReference; fileEncoding = 4; lastKnownFileType = sourcecode.c.objc; path = BaseWebManager.m; sourceTree = "<group>"; };
		5E173A1D1C7AFBAF00D2F0D7 /* amplifyTest.html */ = {isa = PBXFileReference; fileEncoding = 4; lastKnownFileType = text.html; path = amplifyTest.html; sourceTree = "<group>"; };
		5E173A1F1C7AFBB800D2F0D7 /* index.js */ = {isa = PBXFileReference; fileEncoding = 4; lastKnownFileType = sourcecode.javascript; path = index.js; sourceTree = "<group>"; };
		5E173A221C7AFC1400D2F0D7 /* TestWebViewController.h */ = {isa = PBXFileReference; fileEncoding = 4; lastKnownFileType = sourcecode.c.h; path = TestWebViewController.h; sourceTree = "<group>"; };
		5E173A231C7AFC1400D2F0D7 /* TestWebViewController.m */ = {isa = PBXFileReference; fileEncoding = 4; lastKnownFileType = sourcecode.c.objc; path = TestWebViewController.m; sourceTree = "<group>"; };
		5E173A241C7AFC1400D2F0D7 /* TestWebViewController.xib */ = {isa = PBXFileReference; fileEncoding = 4; lastKnownFileType = file.xib; path = TestWebViewController.xib; sourceTree = "<group>"; };
		5E173A301C7D589200D2F0D7 /* FTWCache.h */ = {isa = PBXFileReference; fileEncoding = 4; lastKnownFileType = sourcecode.c.h; path = FTWCache.h; sourceTree = "<group>"; };
		5E173A311C7D589200D2F0D7 /* FTWCache.m */ = {isa = PBXFileReference; fileEncoding = 4; lastKnownFileType = sourcecode.c.objc; path = FTWCache.m; sourceTree = "<group>"; };
		5E173A331C7D58B500D2F0D7 /* FTWViewController.h */ = {isa = PBXFileReference; fileEncoding = 4; lastKnownFileType = sourcecode.c.h; path = FTWViewController.h; sourceTree = "<group>"; };
		5E173A341C7D58B500D2F0D7 /* FTWViewController.m */ = {isa = PBXFileReference; fileEncoding = 4; lastKnownFileType = sourcecode.c.objc; path = FTWViewController.m; sourceTree = "<group>"; };
		5E173A351C7D58B500D2F0D7 /* FTWViewController.xib */ = {isa = PBXFileReference; fileEncoding = 4; lastKnownFileType = file.xib; path = FTWViewController.xib; sourceTree = "<group>"; };
		5E173A381C7D595800D2F0D7 /* NSString+MD5.h */ = {isa = PBXFileReference; fileEncoding = 4; lastKnownFileType = sourcecode.c.h; path = "NSString+MD5.h"; sourceTree = "<group>"; };
		5E173A391C7D595800D2F0D7 /* NSString+MD5.m */ = {isa = PBXFileReference; fileEncoding = 4; lastKnownFileType = sourcecode.c.objc; path = "NSString+MD5.m"; sourceTree = "<group>"; };
		5E173A3B1C7D832400D2F0D7 /* fffff.mp3 */ = {isa = PBXFileReference; lastKnownFileType = audio.mp3; path = fffff.mp3; sourceTree = "<group>"; };
		5E173A411C7D928400D2F0D7 /* AmplifyCache.h */ = {isa = PBXFileReference; fileEncoding = 4; lastKnownFileType = sourcecode.c.h; path = AmplifyCache.h; sourceTree = "<group>"; };
		5E173A421C7D928400D2F0D7 /* AmplifyCache.m */ = {isa = PBXFileReference; fileEncoding = 4; lastKnownFileType = sourcecode.c.objc; path = AmplifyCache.m; sourceTree = "<group>"; };
		5E173A501C7ED0CE00D2F0D7 /* CustomURLCache.h */ = {isa = PBXFileReference; fileEncoding = 4; lastKnownFileType = sourcecode.c.h; path = CustomURLCache.h; sourceTree = "<group>"; };
		5E173A511C7ED0CE00D2F0D7 /* CustomURLCache.m */ = {isa = PBXFileReference; fileEncoding = 4; lastKnownFileType = sourcecode.c.objc; path = CustomURLCache.m; sourceTree = "<group>"; };
		5E173A531C7ED0E200D2F0D7 /* Util.h */ = {isa = PBXFileReference; fileEncoding = 4; lastKnownFileType = sourcecode.c.h; path = Util.h; sourceTree = "<group>"; };
		5E173A541C7ED0E200D2F0D7 /* Util.m */ = {isa = PBXFileReference; fileEncoding = 4; lastKnownFileType = sourcecode.c.objc; path = Util.m; sourceTree = "<group>"; };
		5E173A561C7ED22C00D2F0D7 /* Reachability.h */ = {isa = PBXFileReference; fileEncoding = 4; lastKnownFileType = sourcecode.c.h; path = Reachability.h; sourceTree = "<group>"; };
		5E173A571C7ED22C00D2F0D7 /* Reachability.m */ = {isa = PBXFileReference; fileEncoding = 4; lastKnownFileType = sourcecode.c.objc; path = Reachability.m; sourceTree = "<group>"; };
		5E173A591C7ED46900D2F0D7 /* WebCacheViewController.h */ = {isa = PBXFileReference; fileEncoding = 4; lastKnownFileType = sourcecode.c.h; path = WebCacheViewController.h; sourceTree = "<group>"; };
		5E173A5A1C7ED46900D2F0D7 /* WebCacheViewController.m */ = {isa = PBXFileReference; fileEncoding = 4; lastKnownFileType = sourcecode.c.objc; path = WebCacheViewController.m; sourceTree = "<group>"; };
		5E173A5B1C7ED46900D2F0D7 /* WebCacheViewController.xib */ = {isa = PBXFileReference; fileEncoding = 4; lastKnownFileType = file.xib; path = WebCacheViewController.xib; sourceTree = "<group>"; };
		5E173A621C7EE23200D2F0D7 /* LookForViewController.h */ = {isa = PBXFileReference; fileEncoding = 4; lastKnownFileType = sourcecode.c.h; path = LookForViewController.h; sourceTree = "<group>"; };
		5E173A631C7EE23200D2F0D7 /* LookForViewController.m */ = {isa = PBXFileReference; fileEncoding = 4; lastKnownFileType = sourcecode.c.objc; path = LookForViewController.m; sourceTree = "<group>"; };
		5E173A641C7EE23200D2F0D7 /* LookForViewController.xib */ = {isa = PBXFileReference; fileEncoding = 4; lastKnownFileType = file.xib; path = LookForViewController.xib; sourceTree = "<group>"; };
		5E173A671C7EE24B00D2F0D7 /* DiscoverViewController.h */ = {isa = PBXFileReference; fileEncoding = 4; lastKnownFileType = sourcecode.c.h; path = DiscoverViewController.h; sourceTree = "<group>"; };
		5E173A681C7EE24B00D2F0D7 /* DiscoverViewController.m */ = {isa = PBXFileReference; fileEncoding = 4; lastKnownFileType = sourcecode.c.objc; path = DiscoverViewController.m; sourceTree = "<group>"; };
		5E173A691C7EE24B00D2F0D7 /* DiscoverViewController.xib */ = {isa = PBXFileReference; fileEncoding = 4; lastKnownFileType = file.xib; path = DiscoverViewController.xib; sourceTree = "<group>"; };
		5E173A6C1C7EE25900D2F0D7 /* WishViewController.h */ = {isa = PBXFileReference; fileEncoding = 4; lastKnownFileType = sourcecode.c.h; path = WishViewController.h; sourceTree = "<group>"; };
		5E173A6D1C7EE25900D2F0D7 /* WishViewController.m */ = {isa = PBXFileReference; fileEncoding = 4; lastKnownFileType = sourcecode.c.objc; path = WishViewController.m; sourceTree = "<group>"; };
		5E173A6E1C7EE25900D2F0D7 /* WishViewController.xib */ = {isa = PBXFileReference; fileEncoding = 4; lastKnownFileType = file.xib; path = WishViewController.xib; sourceTree = "<group>"; };
		5E173A711C7EE26A00D2F0D7 /* PersonalViewController.h */ = {isa = PBXFileReference; fileEncoding = 4; lastKnownFileType = sourcecode.c.h; path = PersonalViewController.h; sourceTree = "<group>"; };
		5E173A721C7EE26A00D2F0D7 /* PersonalViewController.m */ = {isa = PBXFileReference; fileEncoding = 4; lastKnownFileType = sourcecode.c.objc; path = PersonalViewController.m; sourceTree = "<group>"; };
		5E173A731C7EE26A00D2F0D7 /* PersonalViewController.xib */ = {isa = PBXFileReference; fileEncoding = 4; lastKnownFileType = file.xib; path = PersonalViewController.xib; sourceTree = "<group>"; };
		5E173A771C7EE5A500D2F0D7 /* HomeViewController.h */ = {isa = PBXFileReference; fileEncoding = 4; lastKnownFileType = sourcecode.c.h; path = HomeViewController.h; sourceTree = "<group>"; };
		5E173A781C7EE5A500D2F0D7 /* HomeViewController.m */ = {isa = PBXFileReference; fileEncoding = 4; lastKnownFileType = sourcecode.c.objc; path = HomeViewController.m; sourceTree = "<group>"; };
		5E173A791C7EE5A500D2F0D7 /* HomeViewController.xib */ = {isa = PBXFileReference; fileEncoding = 4; lastKnownFileType = file.xib; path = HomeViewController.xib; sourceTree = "<group>"; };
		5E173A7D1C7EE5B700D2F0D7 /* HomeModel.h */ = {isa = PBXFileReference; fileEncoding = 4; lastKnownFileType = sourcecode.c.h; path = HomeModel.h; sourceTree = "<group>"; };
		5E173A7E1C7EE5B700D2F0D7 /* HomeModel.m */ = {isa = PBXFileReference; fileEncoding = 4; lastKnownFileType = sourcecode.c.objc; path = HomeModel.m; sourceTree = "<group>"; };
		5E173A811C7EE5E600D2F0D7 /* HomeInfoController.h */ = {isa = PBXFileReference; fileEncoding = 4; lastKnownFileType = sourcecode.c.h; path = HomeInfoController.h; sourceTree = "<group>"; };
		5E173A821C7EE5E600D2F0D7 /* HomeInfoController.m */ = {isa = PBXFileReference; fileEncoding = 4; lastKnownFileType = sourcecode.c.objc; path = HomeInfoController.m; sourceTree = "<group>"; };
		5E173A831C7EE5E600D2F0D7 /* HomeInfoController.xib */ = {isa = PBXFileReference; fileEncoding = 4; lastKnownFileType = file.xib; path = HomeInfoController.xib; sourceTree = "<group>"; };
		5E173A841C7EE5E600D2F0D7 /* PersonalInfoViewController.h */ = {isa = PBXFileReference; fileEncoding = 4; lastKnownFileType = sourcecode.c.h; path = PersonalInfoViewController.h; sourceTree = "<group>"; };
		5E173A851C7EE5E600D2F0D7 /* PersonalInfoViewController.m */ = {isa = PBXFileReference; fileEncoding = 4; lastKnownFileType = sourcecode.c.objc; path = PersonalInfoViewController.m; sourceTree = "<group>"; };
		5E173A861C7EE5E600D2F0D7 /* PersonalInfoViewController.xib */ = {isa = PBXFileReference; fileEncoding = 4; lastKnownFileType = file.xib; path = PersonalInfoViewController.xib; sourceTree = "<group>"; };
		5E173A871C7EE5E600D2F0D7 /* TestViewController.h */ = {isa = PBXFileReference; fileEncoding = 4; lastKnownFileType = sourcecode.c.h; path = TestViewController.h; sourceTree = "<group>"; };
		5E173A881C7EE5E600D2F0D7 /* TestViewController.m */ = {isa = PBXFileReference; fileEncoding = 4; lastKnownFileType = sourcecode.c.objc; path = TestViewController.m; sourceTree = "<group>"; };
		5E173A891C7EE5E600D2F0D7 /* TestViewController.xib */ = {isa = PBXFileReference; fileEncoding = 4; lastKnownFileType = file.xib; path = TestViewController.xib; sourceTree = "<group>"; };
		5E173A911C7EEA0500D2F0D7 /* SlideNavigationController.h */ = {isa = PBXFileReference; fileEncoding = 4; lastKnownFileType = sourcecode.c.h; path = SlideNavigationController.h; sourceTree = "<group>"; };
		5E173A921C7EEA0500D2F0D7 /* SlideNavigationController.m */ = {isa = PBXFileReference; fileEncoding = 4; lastKnownFileType = sourcecode.c.objc; path = SlideNavigationController.m; sourceTree = "<group>"; };
		5E173A951C7EEA3B00D2F0D7 /* SlideNavigationContorllerAnimator.h */ = {isa = PBXFileReference; fileEncoding = 4; lastKnownFileType = sourcecode.c.h; path = SlideNavigationContorllerAnimator.h; sourceTree = "<group>"; };
		5E173A961C7EEA3B00D2F0D7 /* SlideNavigationContorllerAnimatorFade.h */ = {isa = PBXFileReference; fileEncoding = 4; lastKnownFileType = sourcecode.c.h; path = SlideNavigationContorllerAnimatorFade.h; sourceTree = "<group>"; };
		5E173A971C7EEA3B00D2F0D7 /* SlideNavigationContorllerAnimatorFade.m */ = {isa = PBXFileReference; fileEncoding = 4; lastKnownFileType = sourcecode.c.objc; path = SlideNavigationContorllerAnimatorFade.m; sourceTree = "<group>"; };
		5E173A981C7EEA3B00D2F0D7 /* SlideNavigationContorllerAnimatorScale.h */ = {isa = PBXFileReference; fileEncoding = 4; lastKnownFileType = sourcecode.c.h; path = SlideNavigationContorllerAnimatorScale.h; sourceTree = "<group>"; };
		5E173A991C7EEA3B00D2F0D7 /* SlideNavigationContorllerAnimatorScale.m */ = {isa = PBXFileReference; fileEncoding = 4; lastKnownFileType = sourcecode.c.objc; path = SlideNavigationContorllerAnimatorScale.m; sourceTree = "<group>"; };
		5E173A9A1C7EEA3B00D2F0D7 /* SlideNavigationContorllerAnimatorScaleAndFade.h */ = {isa = PBXFileReference; fileEncoding = 4; lastKnownFileType = sourcecode.c.h; path = SlideNavigationContorllerAnimatorScaleAndFade.h; sourceTree = "<group>"; };
		5E173A9B1C7EEA3B00D2F0D7 /* SlideNavigationContorllerAnimatorScaleAndFade.m */ = {isa = PBXFileReference; fileEncoding = 4; lastKnownFileType = sourcecode.c.objc; path = SlideNavigationContorllerAnimatorScaleAndFade.m; sourceTree = "<group>"; };
		5E173A9C1C7EEA3B00D2F0D7 /* SlideNavigationContorllerAnimatorSlide.h */ = {isa = PBXFileReference; fileEncoding = 4; lastKnownFileType = sourcecode.c.h; path = SlideNavigationContorllerAnimatorSlide.h; sourceTree = "<group>"; };
		5E173A9D1C7EEA3B00D2F0D7 /* SlideNavigationContorllerAnimatorSlide.m */ = {isa = PBXFileReference; fileEncoding = 4; lastKnownFileType = sourcecode.c.objc; path = SlideNavigationContorllerAnimatorSlide.m; sourceTree = "<group>"; };
		5E173A9E1C7EEA3B00D2F0D7 /* SlideNavigationContorllerAnimatorSlideAndFade.h */ = {isa = PBXFileReference; fileEncoding = 4; lastKnownFileType = sourcecode.c.h; path = SlideNavigationContorllerAnimatorSlideAndFade.h; sourceTree = "<group>"; };
		5E173A9F1C7EEA3B00D2F0D7 /* SlideNavigationContorllerAnimatorSlideAndFade.m */ = {isa = PBXFileReference; fileEncoding = 4; lastKnownFileType = sourcecode.c.objc; path = SlideNavigationContorllerAnimatorSlideAndFade.m; sourceTree = "<group>"; };
		5E5321FE1C73273F008C0AC9 /* BaseTableCell.h */ = {isa = PBXFileReference; fileEncoding = 4; lastKnownFileType = sourcecode.c.h; path = BaseTableCell.h; sourceTree = "<group>"; };
		5E5321FF1C73273F008C0AC9 /* BaseTableCell.m */ = {isa = PBXFileReference; fileEncoding = 4; lastKnownFileType = sourcecode.c.objc; path = BaseTableCell.m; sourceTree = "<group>"; };
		5E5322001C73273F008C0AC9 /* BaseTableCell.xib */ = {isa = PBXFileReference; fileEncoding = 4; lastKnownFileType = file.xib; path = BaseTableCell.xib; sourceTree = "<group>"; };
		5E5322051C740DB0008C0AC9 /* KCContact.h */ = {isa = PBXFileReference; fileEncoding = 4; lastKnownFileType = sourcecode.c.h; path = KCContact.h; sourceTree = "<group>"; };
		5E5322061C740DB0008C0AC9 /* KCContact.m */ = {isa = PBXFileReference; fileEncoding = 4; lastKnownFileType = sourcecode.c.objc; path = KCContact.m; sourceTree = "<group>"; };
		5E5322081C740DFB008C0AC9 /* KCContactGroup.h */ = {isa = PBXFileReference; fileEncoding = 4; lastKnownFileType = sourcecode.c.h; path = KCContactGroup.h; sourceTree = "<group>"; };
		5E5322091C740DFB008C0AC9 /* KCContactGroup.m */ = {isa = PBXFileReference; fileEncoding = 4; lastKnownFileType = sourcecode.c.objc; path = KCContactGroup.m; sourceTree = "<group>"; };
		5E53220B1C740E3C008C0AC9 /* KCMainViewController.h */ = {isa = PBXFileReference; fileEncoding = 4; lastKnownFileType = sourcecode.c.h; path = KCMainViewController.h; sourceTree = "<group>"; };
		5E53220C1C740E3C008C0AC9 /* KCMainViewController.m */ = {isa = PBXFileReference; fileEncoding = 4; lastKnownFileType = sourcecode.c.objc; path = KCMainViewController.m; sourceTree = "<group>"; };
		5E53220D1C740E3C008C0AC9 /* KCMainViewController.xib */ = {isa = PBXFileReference; fileEncoding = 4; lastKnownFileType = file.xib; path = KCMainViewController.xib; sourceTree = "<group>"; };
		5E5322111C745599008C0AC9 /* DrogImageView.h */ = {isa = PBXFileReference; fileEncoding = 4; lastKnownFileType = sourcecode.c.h; path = DrogImageView.h; sourceTree = "<group>"; };
		5E5322121C745599008C0AC9 /* DrogImageView.m */ = {isa = PBXFileReference; fileEncoding = 4; lastKnownFileType = sourcecode.c.objc; path = DrogImageView.m; sourceTree = "<group>"; };
		5E5322151C745BF2008C0AC9 /* BasketBallViewController.h */ = {isa = PBXFileReference; fileEncoding = 4; lastKnownFileType = sourcecode.c.h; path = BasketBallViewController.h; sourceTree = "<group>"; };
		5E5322161C745BF2008C0AC9 /* BasketBallViewController.m */ = {isa = PBXFileReference; fileEncoding = 4; lastKnownFileType = sourcecode.c.objc; path = BasketBallViewController.m; sourceTree = "<group>"; };
		5E5322171C745BF2008C0AC9 /* BasketBallViewController.xib */ = {isa = PBXFileReference; fileEncoding = 4; lastKnownFileType = file.xib; path = BasketBallViewController.xib; sourceTree = "<group>"; };
		5E53221B1C76A72E008C0AC9 /* UtilsManager.h */ = {isa = PBXFileReference; fileEncoding = 4; lastKnownFileType = sourcecode.c.h; path = UtilsManager.h; sourceTree = "<group>"; };
		5E53221C1C76A72E008C0AC9 /* UtilsManager.m */ = {isa = PBXFileReference; fileEncoding = 4; lastKnownFileType = sourcecode.c.objc; path = UtilsManager.m; sourceTree = "<group>"; };
		5E547B141C60471800155618 /* BaseMultipleSectionTableViewController.h */ = {isa = PBXFileReference; fileEncoding = 4; lastKnownFileType = sourcecode.c.h; path = BaseMultipleSectionTableViewController.h; sourceTree = "<group>"; };
		5E547B151C60471800155618 /* BaseMultipleSectionTableViewController.m */ = {isa = PBXFileReference; fileEncoding = 4; lastKnownFileType = sourcecode.c.objc; path = BaseMultipleSectionTableViewController.m; sourceTree = "<group>"; };
		5E547B161C60471800155618 /* BaseMultipleSectionTableViewController.xib */ = {isa = PBXFileReference; fileEncoding = 4; lastKnownFileType = file.xib; path = BaseMultipleSectionTableViewController.xib; sourceTree = "<group>"; };
		5E557CE81C71749E002C1674 /* SwipePageViewController.h */ = {isa = PBXFileReference; fileEncoding = 4; lastKnownFileType = sourcecode.c.h; path = SwipePageViewController.h; sourceTree = "<group>"; };
		5E557CE91C71749E002C1674 /* SwipePageViewController.m */ = {isa = PBXFileReference; fileEncoding = 4; lastKnownFileType = sourcecode.c.objc; path = SwipePageViewController.m; sourceTree = "<group>"; };
		5E557CED1C718027002C1674 /* MoreViewController.h */ = {isa = PBXFileReference; fileEncoding = 4; lastKnownFileType = sourcecode.c.h; path = MoreViewController.h; sourceTree = "<group>"; };
		5E557CEE1C718027002C1674 /* MoreViewController.m */ = {isa = PBXFileReference; fileEncoding = 4; lastKnownFileType = sourcecode.c.objc; path = MoreViewController.m; sourceTree = "<group>"; };
		5E557CF11C719F2D002C1674 /* BaseWebView.h */ = {isa = PBXFileReference; fileEncoding = 4; lastKnownFileType = sourcecode.c.h; path = BaseWebView.h; sourceTree = "<group>"; };
		5E557CF21C719F2D002C1674 /* BaseWebView.m */ = {isa = PBXFileReference; fileEncoding = 4; lastKnownFileType = sourcecode.c.objc; path = BaseWebView.m; sourceTree = "<group>"; };
		5E557CF41C719F48002C1674 /* BaseWebViewController.h */ = {isa = PBXFileReference; fileEncoding = 4; lastKnownFileType = sourcecode.c.h; path = BaseWebViewController.h; sourceTree = "<group>"; };
		5E557CF51C719F48002C1674 /* BaseWebViewController.m */ = {isa = PBXFileReference; fileEncoding = 4; lastKnownFileType = sourcecode.c.objc; path = BaseWebViewController.m; sourceTree = "<group>"; };
		5E557CF61C719F48002C1674 /* BaseWebViewController.xib */ = {isa = PBXFileReference; fileEncoding = 4; lastKnownFileType = file.xib; path = BaseWebViewController.xib; sourceTree = "<group>"; };
		5E557CF91C71C3F1002C1674 /* BaseSearchViewController.h */ = {isa = PBXFileReference; fileEncoding = 4; lastKnownFileType = sourcecode.c.h; path = BaseSearchViewController.h; sourceTree = "<group>"; };
		5E557CFA1C71C3F1002C1674 /* BaseSearchViewController.m */ = {isa = PBXFileReference; fileEncoding = 4; lastKnownFileType = sourcecode.c.objc; path = BaseSearchViewController.m; sourceTree = "<group>"; };
		5E557CFB1C71C3F1002C1674 /* BaseSearchViewController.xib */ = {isa = PBXFileReference; fileEncoding = 4; lastKnownFileType = file.xib; path = BaseSearchViewController.xib; sourceTree = "<group>"; };
		5E559BE71C61DF00009F3078 /* BaseServicesManager.h */ = {isa = PBXFileReference; fileEncoding = 4; lastKnownFileType = sourcecode.c.h; path = BaseServicesManager.h; sourceTree = "<group>"; };
		5E559BE81C61DF00009F3078 /* BaseServicesManager.m */ = {isa = PBXFileReference; fileEncoding = 4; lastKnownFileType = sourcecode.c.objc; path = BaseServicesManager.m; sourceTree = "<group>"; };
		5E559BEA1C61F57E009F3078 /* BaseService.h */ = {isa = PBXFileReference; fileEncoding = 4; lastKnownFileType = sourcecode.c.h; path = BaseService.h; sourceTree = "<group>"; };
		5E559BEB1C61F57E009F3078 /* BaseService.m */ = {isa = PBXFileReference; fileEncoding = 4; lastKnownFileType = sourcecode.c.objc; path = BaseService.m; sourceTree = "<group>"; };
		5E573DBE1C59B1C80080AC60 /* PrefixHeader.pch */ = {isa = PBXFileReference; lastKnownFileType = sourcecode.c.h; path = PrefixHeader.pch; sourceTree = "<group>"; };
		5E573DBF1C59B2760080AC60 /* ProjDef.h */ = {isa = PBXFileReference; fileEncoding = 4; lastKnownFileType = sourcecode.c.h; path = ProjDef.h; sourceTree = "<group>"; };
		5E588C331C55FC4000AD1C16 /* Amplify.app */ = {isa = PBXFileReference; explicitFileType = wrapper.application; includeInIndex = 0; path = Amplify.app; sourceTree = BUILT_PRODUCTS_DIR; };
		5E588C371C55FC4000AD1C16 /* main.m */ = {isa = PBXFileReference; lastKnownFileType = sourcecode.c.objc; path = main.m; sourceTree = "<group>"; };
		5E588C391C55FC4000AD1C16 /* AppDelegate.h */ = {isa = PBXFileReference; lastKnownFileType = sourcecode.c.h; path = AppDelegate.h; sourceTree = "<group>"; };
		5E588C3A1C55FC4000AD1C16 /* AppDelegate.m */ = {isa = PBXFileReference; lastKnownFileType = sourcecode.c.objc; path = AppDelegate.m; sourceTree = "<group>"; };
		5E588C421C55FC4000AD1C16 /* Assets.xcassets */ = {isa = PBXFileReference; lastKnownFileType = folder.assetcatalog; path = Assets.xcassets; sourceTree = "<group>"; };
		5E588C471C55FC4000AD1C16 /* Info.plist */ = {isa = PBXFileReference; lastKnownFileType = text.plist.xml; path = Info.plist; sourceTree = "<group>"; };
		5E588C4C1C55FC4000AD1C16 /* AmplifyTests.xctest */ = {isa = PBXFileReference; explicitFileType = wrapper.cfbundle; includeInIndex = 0; path = AmplifyTests.xctest; sourceTree = BUILT_PRODUCTS_DIR; };
		5E588C501C55FC4000AD1C16 /* AmplifyTests.m */ = {isa = PBXFileReference; lastKnownFileType = sourcecode.c.objc; path = AmplifyTests.m; sourceTree = "<group>"; };
		5E588C521C55FC4000AD1C16 /* Info.plist */ = {isa = PBXFileReference; lastKnownFileType = text.plist.xml; path = Info.plist; sourceTree = "<group>"; };
		5E588C571C55FC4000AD1C16 /* AmplifyUITests.xctest */ = {isa = PBXFileReference; explicitFileType = wrapper.cfbundle; includeInIndex = 0; path = AmplifyUITests.xctest; sourceTree = BUILT_PRODUCTS_DIR; };
		5E588C5B1C55FC4000AD1C16 /* AmplifyUITests.m */ = {isa = PBXFileReference; lastKnownFileType = sourcecode.c.objc; path = AmplifyUITests.m; sourceTree = "<group>"; };
		5E588C5D1C55FC4000AD1C16 /* Info.plist */ = {isa = PBXFileReference; lastKnownFileType = text.plist.xml; path = Info.plist; sourceTree = "<group>"; };
		5E5A7E881C62E5230052935B /* BaseModel.h */ = {isa = PBXFileReference; fileEncoding = 4; lastKnownFileType = sourcecode.c.h; path = BaseModel.h; sourceTree = "<group>"; };
		5E5A7E891C62E5230052935B /* BaseModel.m */ = {isa = PBXFileReference; fileEncoding = 4; lastKnownFileType = sourcecode.c.objc; path = BaseModel.m; sourceTree = "<group>"; };
		5E5A7E8B1C62E5680052935B /* BaseData.h */ = {isa = PBXFileReference; fileEncoding = 4; lastKnownFileType = sourcecode.c.h; path = BaseData.h; sourceTree = "<group>"; };
		5E5A7E8C1C62E5680052935B /* BaseData.m */ = {isa = PBXFileReference; fileEncoding = 4; lastKnownFileType = sourcecode.c.objc; path = BaseData.m; sourceTree = "<group>"; };
		5E5A7EA31C62F2510052935B /* HomTabBarController.h */ = {isa = PBXFileReference; fileEncoding = 4; lastKnownFileType = sourcecode.c.h; path = HomTabBarController.h; sourceTree = "<group>"; };
		5E5A7EA41C62F2510052935B /* HomTabBarController.m */ = {isa = PBXFileReference; fileEncoding = 4; lastKnownFileType = sourcecode.c.objc; path = HomTabBarController.m; sourceTree = "<group>"; };
		5E5A7EA51C62F2510052935B /* HomTabBarController.xib */ = {isa = PBXFileReference; fileEncoding = 4; lastKnownFileType = file.xib; path = HomTabBarController.xib; sourceTree = "<group>"; };
		5E5A7EB41C633DE00052935B /* DBManager.h */ = {isa = PBXFileReference; fileEncoding = 4; lastKnownFileType = sourcecode.c.h; path = DBManager.h; sourceTree = "<group>"; };
		5E5A7EB51C633DE00052935B /* DBManager.m */ = {isa = PBXFileReference; fileEncoding = 4; lastKnownFileType = sourcecode.c.objc; path = DBManager.m; sourceTree = "<group>"; };
		5E5A7EB71C633FAB0052935B /* BaseDbData.h */ = {isa = PBXFileReference; fileEncoding = 4; lastKnownFileType = sourcecode.c.h; path = BaseDbData.h; sourceTree = "<group>"; };
		5E5A7EB81C633FAB0052935B /* BaseDbData.m */ = {isa = PBXFileReference; fileEncoding = 4; lastKnownFileType = sourcecode.c.objc; path = BaseDbData.m; sourceTree = "<group>"; };
		5E6424DF1C57636A009990E6 /* BaseViewController.h */ = {isa = PBXFileReference; fileEncoding = 4; lastKnownFileType = sourcecode.c.h; path = BaseViewController.h; sourceTree = "<group>"; };
		5E6424E01C57636A009990E6 /* BaseViewController.m */ = {isa = PBXFileReference; fileEncoding = 4; lastKnownFileType = sourcecode.c.objc; path = BaseViewController.m; sourceTree = "<group>"; };
		5E6424E11C57636A009990E6 /* BaseViewController.xib */ = {isa = PBXFileReference; fileEncoding = 4; lastKnownFileType = file.xib; path = BaseViewController.xib; sourceTree = "<group>"; };
		5E6424E41C5763ED009990E6 /* BaseNavigationController.h */ = {isa = PBXFileReference; fileEncoding = 4; lastKnownFileType = sourcecode.c.h; path = BaseNavigationController.h; sourceTree = "<group>"; };
		5E6424E51C5763ED009990E6 /* BaseNavigationController.m */ = {isa = PBXFileReference; fileEncoding = 4; lastKnownFileType = sourcecode.c.objc; path = BaseNavigationController.m; sourceTree = "<group>"; };
		5E6424E61C5763ED009990E6 /* BaseNavigationController.xib */ = {isa = PBXFileReference; fileEncoding = 4; lastKnownFileType = file.xib; path = BaseNavigationController.xib; sourceTree = "<group>"; };
		5E6424EF1C576E96009990E6 /* BaseTabBarController.h */ = {isa = PBXFileReference; fileEncoding = 4; lastKnownFileType = sourcecode.c.h; path = BaseTabBarController.h; sourceTree = "<group>"; };
		5E6424F01C576E96009990E6 /* BaseTabBarController.m */ = {isa = PBXFileReference; fileEncoding = 4; lastKnownFileType = sourcecode.c.objc; path = BaseTabBarController.m; sourceTree = "<group>"; };
		5E6424F11C576E96009990E6 /* BaseTabBarController.xib */ = {isa = PBXFileReference; fileEncoding = 4; lastKnownFileType = file.xib; path = BaseTabBarController.xib; sourceTree = "<group>"; };
		5E64AE801C8026300062F1BC /* ZYWSideTableView.h */ = {isa = PBXFileReference; fileEncoding = 4; lastKnownFileType = sourcecode.c.h; path = ZYWSideTableView.h; sourceTree = "<group>"; };
		5E64AE811C8026300062F1BC /* ZYWSideTableView.m */ = {isa = PBXFileReference; fileEncoding = 4; lastKnownFileType = sourcecode.c.objc; path = ZYWSideTableView.m; sourceTree = "<group>"; };
		5E64AE821C8026300062F1BC /* ZYWSideView.h */ = {isa = PBXFileReference; fileEncoding = 4; lastKnownFileType = sourcecode.c.h; path = ZYWSideView.h; sourceTree = "<group>"; };
		5E64AE831C8026300062F1BC /* ZYWSideView.m */ = {isa = PBXFileReference; fileEncoding = 4; lastKnownFileType = sourcecode.c.objc; path = ZYWSideView.m; sourceTree = "<group>"; };
		5E64AE861C8027300062F1BC /* UIView+SHCZExt.h */ = {isa = PBXFileReference; fileEncoding = 4; lastKnownFileType = sourcecode.c.h; path = "UIView+SHCZExt.h"; sourceTree = "<group>"; };
		5E64AE871C8027300062F1BC /* UIView+SHCZExt.m */ = {isa = PBXFileReference; fileEncoding = 4; lastKnownFileType = sourcecode.c.objc; path = "UIView+SHCZExt.m"; sourceTree = "<group>"; };
		5E64AE891C8027D80062F1BC /* ZYWContainerViewController.h */ = {isa = PBXFileReference; fileEncoding = 4; lastKnownFileType = sourcecode.c.h; path = ZYWContainerViewController.h; sourceTree = "<group>"; };
		5E64AE8A1C8027D80062F1BC /* ZYWContainerViewController.m */ = {isa = PBXFileReference; fileEncoding = 4; lastKnownFileType = sourcecode.c.objc; path = ZYWContainerViewController.m; sourceTree = "<group>"; };
		5E673ADA1C701C8F00CA93BB /* BootViewController.h */ = {isa = PBXFileReference; fileEncoding = 4; lastKnownFileType = sourcecode.c.h; path = BootViewController.h; sourceTree = "<group>"; };
		5E673ADB1C701C8F00CA93BB /* BootViewController.m */ = {isa = PBXFileReference; fileEncoding = 4; lastKnownFileType = sourcecode.c.objc; path = BootViewController.m; sourceTree = "<group>"; };
		5E673ADC1C701C8F00CA93BB /* BootViewController.xib */ = {isa = PBXFileReference; fileEncoding = 4; lastKnownFileType = file.xib; path = BootViewController.xib; sourceTree = "<group>"; };
		5E673AE01C7028CA00CA93BB /* UserManager.h */ = {isa = PBXFileReference; fileEncoding = 4; lastKnownFileType = sourcecode.c.h; path = UserManager.h; sourceTree = "<group>"; };
		5E673AE11C7028CA00CA93BB /* UserManager.m */ = {isa = PBXFileReference; fileEncoding = 4; lastKnownFileType = sourcecode.c.objc; path = UserManager.m; sourceTree = "<group>"; };
		5E673AE41C705F8C00CA93BB /* ScrollAutoImageView.h */ = {isa = PBXFileReference; fileEncoding = 4; lastKnownFileType = sourcecode.c.h; path = ScrollAutoImageView.h; sourceTree = "<group>"; };
		5E673AE51C705F8C00CA93BB /* ScrollAutoImageView.m */ = {isa = PBXFileReference; fileEncoding = 4; lastKnownFileType = sourcecode.c.objc; path = ScrollAutoImageView.m; sourceTree = "<group>"; };
		5E673AE81C7074B500CA93BB /* SwipeViewController.h */ = {isa = PBXFileReference; fileEncoding = 4; lastKnownFileType = sourcecode.c.h; path = SwipeViewController.h; sourceTree = "<group>"; };
		5E673AE91C7074B500CA93BB /* SwipeViewController.m */ = {isa = PBXFileReference; fileEncoding = 4; lastKnownFileType = sourcecode.c.objc; path = SwipeViewController.m; sourceTree = "<group>"; };
		5E673AEA1C7074B500CA93BB /* SwipeViewController.xib */ = {isa = PBXFileReference; fileEncoding = 4; lastKnownFileType = file.xib; path = SwipeViewController.xib; sourceTree = "<group>"; };
		64CD2F92DEFC0F5156370E14 /* Pods.debug.xcconfig */ = {isa = PBXFileReference; includeInIndex = 1; lastKnownFileType = text.xcconfig; name = Pods.debug.xcconfig; path = "Pods/Target Support Files/Pods/Pods.debug.xcconfig"; sourceTree = "<group>"; };
		7895FFC1F83517A018AEAA1C /* libPods.a */ = {isa = PBXFileReference; explicitFileType = archive.ar; includeInIndex = 0; path = libPods.a; sourceTree = BUILT_PRODUCTS_DIR; };
		A3EA228AC680DD29A2228CB4 /* Pods.release.xcconfig */ = {isa = PBXFileReference; includeInIndex = 1; lastKnownFileType = text.xcconfig; name = Pods.release.xcconfig; path = "Pods/Target Support Files/Pods/Pods.release.xcconfig"; sourceTree = "<group>"; };
/* End PBXFileReference section */

/* Begin PBXFrameworksBuildPhase section */
		5E588C301C55FC4000AD1C16 /* Frameworks */ = {
			isa = PBXFrameworksBuildPhase;
			buildActionMask = 2147483647;
			files = (
				FEBEAF2B1E199361DDC886E2 /* libPods.a in Frameworks */,
			);
			runOnlyForDeploymentPostprocessing = 0;
		};
		5E588C491C55FC4000AD1C16 /* Frameworks */ = {
			isa = PBXFrameworksBuildPhase;
			buildActionMask = 2147483647;
			files = (
			);
			runOnlyForDeploymentPostprocessing = 0;
		};
		5E588C541C55FC4000AD1C16 /* Frameworks */ = {
			isa = PBXFrameworksBuildPhase;
			buildActionMask = 2147483647;
			files = (
			);
			runOnlyForDeploymentPostprocessing = 0;
		};
/* End PBXFrameworksBuildPhase section */

/* Begin PBXGroup section */
		5E0A8B261C843F3B0007A9EA /* ArticleCollect */ = {
			isa = PBXGroup;
			children = (
				5E0A8B311C8440290007A9EA /* ArticleCollectViewController.h */,
				5E0A8B321C8440290007A9EA /* ArticleCollectViewController.m */,
				5E0A8B331C8440290007A9EA /* ArticleCollectViewController.xib */,
				5E0A8B391C84409E0007A9EA /* ArticleCollectCell.h */,
				5E0A8B3A1C84409E0007A9EA /* ArticleCollectCell.m */,
				5E0A8B3F1C8440CF0007A9EA /* ArticleCollectCell.xib */,
				5E0A8B3C1C8440B60007A9EA /* ArticleCollectModel.h */,
				5E0A8B3D1C8440B60007A9EA /* ArticleCollectModel.m */,
			);
			path = ArticleCollect;
			sourceTree = "<group>";
		};
		5E0A8B411C8594DA0007A9EA /* TableViewDelete */ = {
			isa = PBXGroup;
			children = (
				5E0A8B421C8594E30007A9EA /* SCTableViewController.h */,
				5E0A8B431C8594E30007A9EA /* SCTableViewController.m */,
			);
			path = TableViewDelete;
			sourceTree = "<group>";
		};
		5E173A161C76C13100D2F0D7 /* Cache */ = {
			isa = PBXGroup;
			children = (
				5E173A441C7DA28600D2F0D7 /* WebCache */,
				5E173A171C76C14900D2F0D7 /* CacheManager.h */,
				5E173A181C76C14900D2F0D7 /* CacheManager.m */,
				5E173A411C7D928400D2F0D7 /* AmplifyCache.h */,
				5E173A421C7D928400D2F0D7 /* AmplifyCache.m */,
			);
			path = Cache;
			sourceTree = "<group>";
		};
		5E173A211C7AFBEF00D2F0D7 /* WebView */ = {
			isa = PBXGroup;
			children = (
				5E173A221C7AFC1400D2F0D7 /* TestWebViewController.h */,
				5E173A231C7AFC1400D2F0D7 /* TestWebViewController.m */,
				5E173A241C7AFC1400D2F0D7 /* TestWebViewController.xib */,
			);
			path = WebView;
			sourceTree = "<group>";
		};
		5E173A2F1C7D585D00D2F0D7 /* Cache */ = {
			isa = PBXGroup;
			children = (
				5E173A3B1C7D832400D2F0D7 /* fffff.mp3 */,
				5E173A381C7D595800D2F0D7 /* NSString+MD5.h */,
				5E173A391C7D595800D2F0D7 /* NSString+MD5.m */,
				5E173A301C7D589200D2F0D7 /* FTWCache.h */,
				5E173A311C7D589200D2F0D7 /* FTWCache.m */,
				5E173A331C7D58B500D2F0D7 /* FTWViewController.h */,
				5E173A341C7D58B500D2F0D7 /* FTWViewController.m */,
				5E173A351C7D58B500D2F0D7 /* FTWViewController.xib */,
			);
			path = Cache;
			sourceTree = "<group>";
		};
		5E173A441C7DA28600D2F0D7 /* WebCache */ = {
			isa = PBXGroup;
			children = (
				5E173A561C7ED22C00D2F0D7 /* Reachability.h */,
				5E173A571C7ED22C00D2F0D7 /* Reachability.m */,
				5E173A531C7ED0E200D2F0D7 /* Util.h */,
				5E173A541C7ED0E200D2F0D7 /* Util.m */,
				5E173A501C7ED0CE00D2F0D7 /* CustomURLCache.h */,
				5E173A511C7ED0CE00D2F0D7 /* CustomURLCache.m */,
				5E173A591C7ED46900D2F0D7 /* WebCacheViewController.h */,
				5E173A5A1C7ED46900D2F0D7 /* WebCacheViewController.m */,
				5E173A5B1C7ED46900D2F0D7 /* WebCacheViewController.xib */,
			);
			path = WebCache;
			sourceTree = "<group>";
		};
		5E173A5E1C7EE0C100D2F0D7 /* Discover */ = {
			isa = PBXGroup;
			children = (
				5E173A671C7EE24B00D2F0D7 /* DiscoverViewController.h */,
				5E173A681C7EE24B00D2F0D7 /* DiscoverViewController.m */,
				5E173A691C7EE24B00D2F0D7 /* DiscoverViewController.xib */,
			);
			path = Discover;
			sourceTree = "<group>";
		};
		5E173A5F1C7EE0E300D2F0D7 /* LookFor */ = {
			isa = PBXGroup;
			children = (
				5E0A8B261C843F3B0007A9EA /* ArticleCollect */,
				5E173A621C7EE23200D2F0D7 /* LookForViewController.h */,
				5E173A631C7EE23200D2F0D7 /* LookForViewController.m */,
				5E173A641C7EE23200D2F0D7 /* LookForViewController.xib */,
			);
			path = LookFor;
			sourceTree = "<group>";
		};
		5E173A601C7EE17A00D2F0D7 /* Wish */ = {
			isa = PBXGroup;
			children = (
				5E173A6C1C7EE25900D2F0D7 /* WishViewController.h */,
				5E173A6D1C7EE25900D2F0D7 /* WishViewController.m */,
				5E173A6E1C7EE25900D2F0D7 /* WishViewController.xib */,
			);
			path = Wish;
			sourceTree = "<group>";
		};
		5E173A611C7EE19800D2F0D7 /* Personal */ = {
			isa = PBXGroup;
			children = (
				5E173A711C7EE26A00D2F0D7 /* PersonalViewController.h */,
				5E173A721C7EE26A00D2F0D7 /* PersonalViewController.m */,
				5E173A731C7EE26A00D2F0D7 /* PersonalViewController.xib */,
			);
			path = Personal;
			sourceTree = "<group>";
		};
		5E173A761C7EE55800D2F0D7 /* Examples */ = {
			isa = PBXGroup;
			children = (
				5E173A801C7EE5E600D2F0D7 /* InfoPage */,
				5E173A7C1C7EE5B700D2F0D7 /* Model */,
				5E173A771C7EE5A500D2F0D7 /* HomeViewController.h */,
				5E173A781C7EE5A500D2F0D7 /* HomeViewController.m */,
				5E173A791C7EE5A500D2F0D7 /* HomeViewController.xib */,
			);
			path = Examples;
			sourceTree = "<group>";
		};
		5E173A7C1C7EE5B700D2F0D7 /* Model */ = {
			isa = PBXGroup;
			children = (
				5E173A7D1C7EE5B700D2F0D7 /* HomeModel.h */,
				5E173A7E1C7EE5B700D2F0D7 /* HomeModel.m */,
			);
			path = Model;
			sourceTree = "<group>";
		};
		5E173A801C7EE5E600D2F0D7 /* InfoPage */ = {
			isa = PBXGroup;
			children = (
				5E173A811C7EE5E600D2F0D7 /* HomeInfoController.h */,
				5E173A821C7EE5E600D2F0D7 /* HomeInfoController.m */,
				5E173A831C7EE5E600D2F0D7 /* HomeInfoController.xib */,
				5E173A841C7EE5E600D2F0D7 /* PersonalInfoViewController.h */,
				5E173A851C7EE5E600D2F0D7 /* PersonalInfoViewController.m */,
				5E173A861C7EE5E600D2F0D7 /* PersonalInfoViewController.xib */,
				5E173A871C7EE5E600D2F0D7 /* TestViewController.h */,
				5E173A881C7EE5E600D2F0D7 /* TestViewController.m */,
				5E173A891C7EE5E600D2F0D7 /* TestViewController.xib */,
			);
			path = InfoPage;
			sourceTree = "<group>";
		};
		5E173A901C7EE9D600D2F0D7 /* Slide */ = {
			isa = PBXGroup;
			children = (
				5E64AE8F1C805A720062F1BC /* ViewDeck */,
				5E173A941C7EEA3B00D2F0D7 /* Animations */,
				5E173A911C7EEA0500D2F0D7 /* SlideNavigationController.h */,
				5E173A921C7EEA0500D2F0D7 /* SlideNavigationController.m */,
			);
			path = Slide;
			sourceTree = "<group>";
		};
		5E173A941C7EEA3B00D2F0D7 /* Animations */ = {
			isa = PBXGroup;
			children = (
				5E173A951C7EEA3B00D2F0D7 /* SlideNavigationContorllerAnimator.h */,
				5E173A961C7EEA3B00D2F0D7 /* SlideNavigationContorllerAnimatorFade.h */,
				5E173A971C7EEA3B00D2F0D7 /* SlideNavigationContorllerAnimatorFade.m */,
				5E173A981C7EEA3B00D2F0D7 /* SlideNavigationContorllerAnimatorScale.h */,
				5E173A991C7EEA3B00D2F0D7 /* SlideNavigationContorllerAnimatorScale.m */,
				5E173A9A1C7EEA3B00D2F0D7 /* SlideNavigationContorllerAnimatorScaleAndFade.h */,
				5E173A9B1C7EEA3B00D2F0D7 /* SlideNavigationContorllerAnimatorScaleAndFade.m */,
				5E173A9C1C7EEA3B00D2F0D7 /* SlideNavigationContorllerAnimatorSlide.h */,
				5E173A9D1C7EEA3B00D2F0D7 /* SlideNavigationContorllerAnimatorSlide.m */,
				5E173A9E1C7EEA3B00D2F0D7 /* SlideNavigationContorllerAnimatorSlideAndFade.h */,
				5E173A9F1C7EEA3B00D2F0D7 /* SlideNavigationContorllerAnimatorSlideAndFade.m */,
			);
			path = Animations;
			sourceTree = "<group>";
		};
		5E5321F71C7326D4008C0AC9 /* Table */ = {
			isa = PBXGroup;
			children = (
				5E5321F81C732703008C0AC9 /* Cell */,
			);
			path = Table;
			sourceTree = "<group>";
		};
		5E5321F81C732703008C0AC9 /* Cell */ = {
			isa = PBXGroup;
			children = (
				5E5321FE1C73273F008C0AC9 /* BaseTableCell.h */,
				5E5321FF1C73273F008C0AC9 /* BaseTableCell.m */,
				5E5322001C73273F008C0AC9 /* BaseTableCell.xib */,
			);
			path = Cell;
			sourceTree = "<group>";
		};
		5E5322031C740D3A008C0AC9 /* Example */ = {
			isa = PBXGroup;
			children = (
				5E0A8B411C8594DA0007A9EA /* TableViewDelete */,
				5E173A2F1C7D585D00D2F0D7 /* Cache */,
				5E173A211C7AFBEF00D2F0D7 /* WebView */,
				5E5322141C745BDB008C0AC9 /* Basketball */,
				5E5322041C740D71008C0AC9 /* Contact */,
			);
			path = Example;
			sourceTree = "<group>";
		};
		5E5322041C740D71008C0AC9 /* Contact */ = {
			isa = PBXGroup;
			children = (
				5E5322051C740DB0008C0AC9 /* KCContact.h */,
				5E5322061C740DB0008C0AC9 /* KCContact.m */,
				5E5322081C740DFB008C0AC9 /* KCContactGroup.h */,
				5E5322091C740DFB008C0AC9 /* KCContactGroup.m */,
				5E53220B1C740E3C008C0AC9 /* KCMainViewController.h */,
				5E53220C1C740E3C008C0AC9 /* KCMainViewController.m */,
				5E53220D1C740E3C008C0AC9 /* KCMainViewController.xib */,
			);
			path = Contact;
			sourceTree = "<group>";
		};
		5E5322101C745528008C0AC9 /* Drog */ = {
			isa = PBXGroup;
			children = (
				5E5322111C745599008C0AC9 /* DrogImageView.h */,
				5E5322121C745599008C0AC9 /* DrogImageView.m */,
			);
			path = Drog;
			sourceTree = "<group>";
		};
		5E5322141C745BDB008C0AC9 /* Basketball */ = {
			isa = PBXGroup;
			children = (
				5E5322151C745BF2008C0AC9 /* BasketBallViewController.h */,
				5E5322161C745BF2008C0AC9 /* BasketBallViewController.m */,
				5E5322171C745BF2008C0AC9 /* BasketBallViewController.xib */,
			);
			path = Basketball;
			sourceTree = "<group>";
		};
		5E53221A1C76A70E008C0AC9 /* Utils */ = {
			isa = PBXGroup;
			children = (
				5E53221B1C76A72E008C0AC9 /* UtilsManager.h */,
				5E53221C1C76A72E008C0AC9 /* UtilsManager.m */,
			);
			path = Utils;
			sourceTree = "<group>";
		};
		5E557CF01C719EFF002C1674 /* WebView */ = {
			isa = PBXGroup;
			children = (
				5E173A1F1C7AFBB800D2F0D7 /* index.js */,
				5E173A1D1C7AFBAF00D2F0D7 /* amplifyTest.html */,
				5E557CF11C719F2D002C1674 /* BaseWebView.h */,
				5E557CF21C719F2D002C1674 /* BaseWebView.m */,
				5E557CF41C719F48002C1674 /* BaseWebViewController.h */,
				5E557CF51C719F48002C1674 /* BaseWebViewController.m */,
				5E557CF61C719F48002C1674 /* BaseWebViewController.xib */,
				5E173A1A1C7AD76100D2F0D7 /* BaseWebManager.h */,
				5E173A1B1C7AD76100D2F0D7 /* BaseWebManager.m */,
			);
			path = WebView;
			sourceTree = "<group>";
		};
		5E559BE61C61A236009F3078 /* Services */ = {
			isa = PBXGroup;
			children = (
				5E559BE71C61DF00009F3078 /* BaseServicesManager.h */,
				5E559BE81C61DF00009F3078 /* BaseServicesManager.m */,
				5E559BEA1C61F57E009F3078 /* BaseService.h */,
				5E559BEB1C61F57E009F3078 /* BaseService.m */,
			);
			path = Services;
			sourceTree = "<group>";
		};
		5E573DBD1C59B1970080AC60 /* Common */ = {
			isa = PBXGroup;
			children = (
				5E573DBF1C59B2760080AC60 /* ProjDef.h */,
				5E573DBE1C59B1C80080AC60 /* PrefixHeader.pch */,
			);
			path = Common;
			sourceTree = "<group>";
		};
		5E588C2A1C55FC4000AD1C16 = {
			isa = PBXGroup;
			children = (
				5E588C351C55FC4000AD1C16 /* Amplify */,
				5E588C4F1C55FC4000AD1C16 /* AmplifyTests */,
				5E588C5A1C55FC4000AD1C16 /* AmplifyUITests */,
				5E588C341C55FC4000AD1C16 /* Products */,
				93F0044E9200DEDDBBA96529 /* Pods */,
				9D8B9F76CB7D7E195CA8CA41 /* Frameworks */,
			);
			sourceTree = "<group>";
		};
		5E588C341C55FC4000AD1C16 /* Products */ = {
			isa = PBXGroup;
			children = (
				5E588C331C55FC4000AD1C16 /* Amplify.app */,
				5E588C4C1C55FC4000AD1C16 /* AmplifyTests.xctest */,
				5E588C571C55FC4000AD1C16 /* AmplifyUITests.xctest */,
			);
			name = Products;
			sourceTree = "<group>";
		};
		5E588C351C55FC4000AD1C16 /* Amplify */ = {
			isa = PBXGroup;
			children = (
				5E173A5F1C7EE0E300D2F0D7 /* LookFor */,
				5E173A5E1C7EE0C100D2F0D7 /* Discover */,
				5E173A601C7EE17A00D2F0D7 /* Wish */,
				5E173A611C7EE19800D2F0D7 /* Personal */,
				5E5A7E8F1C62F1880052935B /* HomePage */,
				5E6424DD1C576318009990E6 /* JXFramework */,
				5E588C391C55FC4000AD1C16 /* AppDelegate.h */,
				5E588C3A1C55FC4000AD1C16 /* AppDelegate.m */,
				5E588C421C55FC4000AD1C16 /* Assets.xcassets */,
				5E588C471C55FC4000AD1C16 /* Info.plist */,
				5E173A761C7EE55800D2F0D7 /* Examples */,
				5E588C361C55FC4000AD1C16 /* Supporting Files */,
			);
			path = Amplify;
			sourceTree = "<group>";
		};
		5E588C361C55FC4000AD1C16 /* Supporting Files */ = {
			isa = PBXGroup;
			children = (
				5E588C371C55FC4000AD1C16 /* main.m */,
			);
			name = "Supporting Files";
			sourceTree = "<group>";
		};
		5E588C4F1C55FC4000AD1C16 /* AmplifyTests */ = {
			isa = PBXGroup;
			children = (
				5E588C501C55FC4000AD1C16 /* AmplifyTests.m */,
				5E588C521C55FC4000AD1C16 /* Info.plist */,
			);
			path = AmplifyTests;
			sourceTree = "<group>";
		};
		5E588C5A1C55FC4000AD1C16 /* AmplifyUITests */ = {
			isa = PBXGroup;
			children = (
				5E588C5B1C55FC4000AD1C16 /* AmplifyUITests.m */,
				5E588C5D1C55FC4000AD1C16 /* Info.plist */,
			);
			path = AmplifyUITests;
			sourceTree = "<group>";
		};
		5E5A7E861C62E5090052935B /* Model */ = {
			isa = PBXGroup;
			children = (
				5E5A7E881C62E5230052935B /* BaseModel.h */,
				5E5A7E891C62E5230052935B /* BaseModel.m */,
			);
			path = Model;
			sourceTree = "<group>";
		};
		5E5A7E871C62E5150052935B /* Data */ = {
			isa = PBXGroup;
			children = (
				5E5A7E8B1C62E5680052935B /* BaseData.h */,
				5E5A7E8C1C62E5680052935B /* BaseData.m */,
			);
			path = Data;
			sourceTree = "<group>";
		};
		5E5A7E8F1C62F1880052935B /* HomePage */ = {
			isa = PBXGroup;
			children = (
				5E5A7EA31C62F2510052935B /* HomTabBarController.h */,
				5E5A7EA41C62F2510052935B /* HomTabBarController.m */,
				5E5A7EA51C62F2510052935B /* HomTabBarController.xib */,
			);
			path = HomePage;
			sourceTree = "<group>";
		};
		5E5A7EB31C633DBA0052935B /* DB */ = {
			isa = PBXGroup;
			children = (
				5E5A7EB41C633DE00052935B /* DBManager.h */,
				5E5A7EB51C633DE00052935B /* DBManager.m */,
				5E5A7EB71C633FAB0052935B /* BaseDbData.h */,
				5E5A7EB81C633FAB0052935B /* BaseDbData.m */,
			);
			path = DB;
			sourceTree = "<group>";
		};
		5E6424DD1C576318009990E6 /* JXFramework */ = {
			isa = PBXGroup;
			children = (
				5E173A161C76C13100D2F0D7 /* Cache */,
				5E53221A1C76A70E008C0AC9 /* Utils */,
				5E673ADF1C70286D00CA93BB /* User */,
				5E5A7EB31C633DBA0052935B /* DB */,
				5E5A7E871C62E5150052935B /* Data */,
				5E5A7E861C62E5090052935B /* Model */,
				5E559BE61C61A236009F3078 /* Services */,
				5E573DBD1C59B1970080AC60 /* Common */,
				5E6424DE1C57633A009990E6 /* Controllers */,
			);
			path = JXFramework;
			sourceTree = "<group>";
		};
		5E6424DE1C57633A009990E6 /* Controllers */ = {
			isa = PBXGroup;
			children = (
				5E64AE7E1C80259A0062F1BC /* SlideForQQ */,
				5E173A901C7EE9D600D2F0D7 /* Slide */,
				5E5322101C745528008C0AC9 /* Drog */,
				5E5322031C740D3A008C0AC9 /* Example */,
				5E5321F71C7326D4008C0AC9 /* Table */,
				5E557CF01C719EFF002C1674 /* WebView */,
				5E673AE71C70748900CA93BB /* SwipeViewController */,
				5E673AE31C705F6F00CA93BB /* ScrollImageView */,
				5E673AD91C701C3F00CA93BB /* Boot */,
				5E6424DF1C57636A009990E6 /* BaseViewController.h */,
				5E6424E01C57636A009990E6 /* BaseViewController.m */,
				5E6424E11C57636A009990E6 /* BaseViewController.xib */,
				5E6424E41C5763ED009990E6 /* BaseNavigationController.h */,
				5E6424E51C5763ED009990E6 /* BaseNavigationController.m */,
				5E6424E61C5763ED009990E6 /* BaseNavigationController.xib */,
				5E6424EF1C576E96009990E6 /* BaseTabBarController.h */,
				5E6424F01C576E96009990E6 /* BaseTabBarController.m */,
				5E6424F11C576E96009990E6 /* BaseTabBarController.xib */,
				5E0538601C589A8C00CF8317 /* BaseTableController.h */,
				5E0538611C589A8C00CF8317 /* BaseTableController.m */,
				5E0538621C589A8C00CF8317 /* BaseTableController.xib */,
				5E547B141C60471800155618 /* BaseMultipleSectionTableViewController.h */,
				5E547B151C60471800155618 /* BaseMultipleSectionTableViewController.m */,
				5E547B161C60471800155618 /* BaseMultipleSectionTableViewController.xib */,
				5E557CF91C71C3F1002C1674 /* BaseSearchViewController.h */,
				5E557CFA1C71C3F1002C1674 /* BaseSearchViewController.m */,
				5E557CFB1C71C3F1002C1674 /* BaseSearchViewController.xib */,
			);
			path = Controllers;
			sourceTree = "<group>";
		};
		5E64AE7E1C80259A0062F1BC /* SlideForQQ */ = {
			isa = PBXGroup;
			children = (
				5E64AE861C8027300062F1BC /* UIView+SHCZExt.h */,
				5E64AE871C8027300062F1BC /* UIView+SHCZExt.m */,
				5E64AE7F1C8026300062F1BC /* Container */,
			);
			path = SlideForQQ;
			sourceTree = "<group>";
		};
		5E64AE7F1C8026300062F1BC /* Container */ = {
			isa = PBXGroup;
			children = (
				5E64AE891C8027D80062F1BC /* ZYWContainerViewController.h */,
				5E64AE8A1C8027D80062F1BC /* ZYWContainerViewController.m */,
				5E64AE801C8026300062F1BC /* ZYWSideTableView.h */,
				5E64AE811C8026300062F1BC /* ZYWSideTableView.m */,
				5E64AE821C8026300062F1BC /* ZYWSideView.h */,
				5E64AE831C8026300062F1BC /* ZYWSideView.m */,
			);
			path = Container;
			sourceTree = "<group>";
		};
		5E64AE8F1C805A720062F1BC /* ViewDeck */ = {
			isa = PBXGroup;
			children = (
				5E0A8B211C83F1070007A9EA /* IIViewDeckLeftController.h */,
				5E0A8B221C83F1070007A9EA /* IIViewDeckLeftController.m */,
				5E0A8B231C83F1070007A9EA /* IIViewDeckLeftController.xib */,
			);
			path = ViewDeck;
			sourceTree = "<group>";
		};
		5E673AD91C701C3F00CA93BB /* Boot */ = {
			isa = PBXGroup;
			children = (
				5E673ADA1C701C8F00CA93BB /* BootViewController.h */,
				5E673ADB1C701C8F00CA93BB /* BootViewController.m */,
				5E673ADC1C701C8F00CA93BB /* BootViewController.xib */,
			);
			path = Boot;
			sourceTree = "<group>";
		};
		5E673ADF1C70286D00CA93BB /* User */ = {
			isa = PBXGroup;
			children = (
				5E673AE01C7028CA00CA93BB /* UserManager.h */,
				5E673AE11C7028CA00CA93BB /* UserManager.m */,
			);
			path = User;
			sourceTree = "<group>";
		};
		5E673AE31C705F6F00CA93BB /* ScrollImageView */ = {
			isa = PBXGroup;
			children = (
				5E673AE41C705F8C00CA93BB /* ScrollAutoImageView.h */,
				5E673AE51C705F8C00CA93BB /* ScrollAutoImageView.m */,
			);
			path = ScrollImageView;
			sourceTree = "<group>";
		};
		5E673AE71C70748900CA93BB /* SwipeViewController */ = {
			isa = PBXGroup;
			children = (
				5E673AE81C7074B500CA93BB /* SwipeViewController.h */,
				5E673AE91C7074B500CA93BB /* SwipeViewController.m */,
				5E673AEA1C7074B500CA93BB /* SwipeViewController.xib */,
				5E557CE81C71749E002C1674 /* SwipePageViewController.h */,
				5E557CE91C71749E002C1674 /* SwipePageViewController.m */,
				5E557CED1C718027002C1674 /* MoreViewController.h */,
				5E557CEE1C718027002C1674 /* MoreViewController.m */,
			);
			path = SwipeViewController;
			sourceTree = "<group>";
		};
		93F0044E9200DEDDBBA96529 /* Pods */ = {
			isa = PBXGroup;
			children = (
				64CD2F92DEFC0F5156370E14 /* Pods.debug.xcconfig */,
				A3EA228AC680DD29A2228CB4 /* Pods.release.xcconfig */,
			);
			name = Pods;
			sourceTree = "<group>";
		};
		9D8B9F76CB7D7E195CA8CA41 /* Frameworks */ = {
			isa = PBXGroup;
			children = (
				7895FFC1F83517A018AEAA1C /* libPods.a */,
			);
			name = Frameworks;
			sourceTree = "<group>";
		};
/* End PBXGroup section */

/* Begin PBXNativeTarget section */
		5E588C321C55FC4000AD1C16 /* Amplify */ = {
			isa = PBXNativeTarget;
			buildConfigurationList = 5E588C601C55FC4000AD1C16 /* Build configuration list for PBXNativeTarget "Amplify" */;
			buildPhases = (
				473AB8DEA325491FF479ADFD /* Check Pods Manifest.lock */,
				5E588C2F1C55FC4000AD1C16 /* Sources */,
				5E588C301C55FC4000AD1C16 /* Frameworks */,
				5E588C311C55FC4000AD1C16 /* Resources */,
				99743CD9E5B8EB10FADF3E81 /* Embed Pods Frameworks */,
				06309AA183752F7BC712D7C2 /* Copy Pods Resources */,
			);
			buildRules = (
			);
			dependencies = (
			);
			name = Amplify;
			productName = Amplify;
			productReference = 5E588C331C55FC4000AD1C16 /* Amplify.app */;
			productType = "com.apple.product-type.application";
		};
		5E588C4B1C55FC4000AD1C16 /* AmplifyTests */ = {
			isa = PBXNativeTarget;
			buildConfigurationList = 5E588C631C55FC4000AD1C16 /* Build configuration list for PBXNativeTarget "AmplifyTests" */;
			buildPhases = (
				5E588C481C55FC4000AD1C16 /* Sources */,
				5E588C491C55FC4000AD1C16 /* Frameworks */,
				5E588C4A1C55FC4000AD1C16 /* Resources */,
			);
			buildRules = (
			);
			dependencies = (
				5E588C4E1C55FC4000AD1C16 /* PBXTargetDependency */,
			);
			name = AmplifyTests;
			productName = AmplifyTests;
			productReference = 5E588C4C1C55FC4000AD1C16 /* AmplifyTests.xctest */;
			productType = "com.apple.product-type.bundle.unit-test";
		};
		5E588C561C55FC4000AD1C16 /* AmplifyUITests */ = {
			isa = PBXNativeTarget;
			buildConfigurationList = 5E588C661C55FC4000AD1C16 /* Build configuration list for PBXNativeTarget "AmplifyUITests" */;
			buildPhases = (
				5E588C531C55FC4000AD1C16 /* Sources */,
				5E588C541C55FC4000AD1C16 /* Frameworks */,
				5E588C551C55FC4000AD1C16 /* Resources */,
			);
			buildRules = (
			);
			dependencies = (
				5E588C591C55FC4000AD1C16 /* PBXTargetDependency */,
			);
			name = AmplifyUITests;
			productName = AmplifyUITests;
			productReference = 5E588C571C55FC4000AD1C16 /* AmplifyUITests.xctest */;
			productType = "com.apple.product-type.bundle.ui-testing";
		};
/* End PBXNativeTarget section */

/* Begin PBXProject section */
		5E588C2B1C55FC4000AD1C16 /* Project object */ = {
			isa = PBXProject;
			attributes = {
				LastUpgradeCheck = 0720;
				ORGANIZATIONNAME = hm;
				TargetAttributes = {
					5E588C321C55FC4000AD1C16 = {
						CreatedOnToolsVersion = 7.2;
					};
					5E588C4B1C55FC4000AD1C16 = {
						CreatedOnToolsVersion = 7.2;
						TestTargetID = 5E588C321C55FC4000AD1C16;
					};
					5E588C561C55FC4000AD1C16 = {
						CreatedOnToolsVersion = 7.2;
						TestTargetID = 5E588C321C55FC4000AD1C16;
					};
				};
			};
			buildConfigurationList = 5E588C2E1C55FC4000AD1C16 /* Build configuration list for PBXProject "Amplify" */;
			compatibilityVersion = "Xcode 3.2";
			developmentRegion = English;
			hasScannedForEncodings = 0;
			knownRegions = (
				en,
				Base,
			);
			mainGroup = 5E588C2A1C55FC4000AD1C16;
			productRefGroup = 5E588C341C55FC4000AD1C16 /* Products */;
			projectDirPath = "";
			projectRoot = "";
			targets = (
				5E588C321C55FC4000AD1C16 /* Amplify */,
				5E588C4B1C55FC4000AD1C16 /* AmplifyTests */,
				5E588C561C55FC4000AD1C16 /* AmplifyUITests */,
			);
		};
/* End PBXProject section */

/* Begin PBXResourcesBuildPhase section */
		5E588C311C55FC4000AD1C16 /* Resources */ = {
			isa = PBXResourcesBuildPhase;
			buildActionMask = 2147483647;
			files = (
				5E5322021C73273F008C0AC9 /* BaseTableCell.xib in Resources */,
				5E173A261C7AFC1400D2F0D7 /* TestWebViewController.xib in Resources */,
				5E5A7EAC1C62F2510052935B /* HomTabBarController.xib in Resources */,
				5E547B181C60471800155618 /* BaseMultipleSectionTableViewController.xib in Resources */,
				5E173A6B1C7EE24B00D2F0D7 /* DiscoverViewController.xib in Resources */,
				5E6424E81C5763ED009990E6 /* BaseNavigationController.xib in Resources */,
				5E173A8B1C7EE5E600D2F0D7 /* HomeInfoController.xib in Resources */,
				5E173A8F1C7EE5E600D2F0D7 /* TestViewController.xib in Resources */,
				5E673ADE1C701C8F00CA93BB /* BootViewController.xib in Resources */,
				5E0A8B401C8440CF0007A9EA /* ArticleCollectCell.xib in Resources */,
				5E173A1E1C7AFBAF00D2F0D7 /* amplifyTest.html in Resources */,
				5E173A5D1C7ED46900D2F0D7 /* WebCacheViewController.xib in Resources */,
				5E173A701C7EE25900D2F0D7 /* WishViewController.xib in Resources */,
				5E173A661C7EE23200D2F0D7 /* LookForViewController.xib in Resources */,
				5E557CF81C719F48002C1674 /* BaseWebViewController.xib in Resources */,
				5E173A751C7EE26A00D2F0D7 /* PersonalViewController.xib in Resources */,
				5E6424F31C576E96009990E6 /* BaseTabBarController.xib in Resources */,
				5E5322191C745BF2008C0AC9 /* BasketBallViewController.xib in Resources */,
				5E673AEC1C7074B500CA93BB /* SwipeViewController.xib in Resources */,
				5E588C431C55FC4000AD1C16 /* Assets.xcassets in Resources */,
				5E6424E31C57636A009990E6 /* BaseViewController.xib in Resources */,
				5E0A8B351C8440290007A9EA /* ArticleCollectViewController.xib in Resources */,
				5E173A7B1C7EE5A500D2F0D7 /* HomeViewController.xib in Resources */,
				5E0A8B251C83F1070007A9EA /* IIViewDeckLeftController.xib in Resources */,
				5E53220F1C740E3C008C0AC9 /* KCMainViewController.xib in Resources */,
				5E173A371C7D58B500D2F0D7 /* FTWViewController.xib in Resources */,
				5E557CFD1C71C3F1002C1674 /* BaseSearchViewController.xib in Resources */,
				5E173A201C7AFBB800D2F0D7 /* index.js in Resources */,
				5E173A3C1C7D832400D2F0D7 /* fffff.mp3 in Resources */,
				5E173A8D1C7EE5E600D2F0D7 /* PersonalInfoViewController.xib in Resources */,
				5E0538641C589A8C00CF8317 /* BaseTableController.xib in Resources */,
			);
			runOnlyForDeploymentPostprocessing = 0;
		};
		5E588C4A1C55FC4000AD1C16 /* Resources */ = {
			isa = PBXResourcesBuildPhase;
			buildActionMask = 2147483647;
			files = (
			);
			runOnlyForDeploymentPostprocessing = 0;
		};
		5E588C551C55FC4000AD1C16 /* Resources */ = {
			isa = PBXResourcesBuildPhase;
			buildActionMask = 2147483647;
			files = (
			);
			runOnlyForDeploymentPostprocessing = 0;
		};
/* End PBXResourcesBuildPhase section */

/* Begin PBXShellScriptBuildPhase section */
		06309AA183752F7BC712D7C2 /* Copy Pods Resources */ = {
			isa = PBXShellScriptBuildPhase;
			buildActionMask = 2147483647;
			files = (
			);
			inputPaths = (
			);
			name = "Copy Pods Resources";
			outputPaths = (
			);
			runOnlyForDeploymentPostprocessing = 0;
			shellPath = /bin/sh;
			shellScript = "\"${SRCROOT}/Pods/Target Support Files/Pods/Pods-resources.sh\"\n";
			showEnvVarsInLog = 0;
		};
		473AB8DEA325491FF479ADFD /* Check Pods Manifest.lock */ = {
			isa = PBXShellScriptBuildPhase;
			buildActionMask = 2147483647;
			files = (
			);
			inputPaths = (
			);
			name = "Check Pods Manifest.lock";
			outputPaths = (
			);
			runOnlyForDeploymentPostprocessing = 0;
			shellPath = /bin/sh;
			shellScript = "diff \"${PODS_ROOT}/../Podfile.lock\" \"${PODS_ROOT}/Manifest.lock\" > /dev/null\nif [[ $? != 0 ]] ; then\n    cat << EOM\nerror: The sandbox is not in sync with the Podfile.lock. Run 'pod install' or update your CocoaPods installation.\nEOM\n    exit 1\nfi\n";
			showEnvVarsInLog = 0;
		};
		99743CD9E5B8EB10FADF3E81 /* Embed Pods Frameworks */ = {
			isa = PBXShellScriptBuildPhase;
			buildActionMask = 2147483647;
			files = (
			);
			inputPaths = (
			);
			name = "Embed Pods Frameworks";
			outputPaths = (
			);
			runOnlyForDeploymentPostprocessing = 0;
			shellPath = /bin/sh;
			shellScript = "\"${SRCROOT}/Pods/Target Support Files/Pods/Pods-frameworks.sh\"\n";
			showEnvVarsInLog = 0;
		};
/* End PBXShellScriptBuildPhase section */

/* Begin PBXSourcesBuildPhase section */
		5E588C2F1C55FC4000AD1C16 /* Sources */ = {
			isa = PBXSourcesBuildPhase;
			buildActionMask = 2147483647;
			files = (
				5E173A931C7EEA0500D2F0D7 /* SlideNavigationController.m in Sources */,
				5E6424E71C5763ED009990E6 /* BaseNavigationController.m in Sources */,
				5E173A361C7D58B500D2F0D7 /* FTWViewController.m in Sources */,
				5E5A7E8A1C62E5230052935B /* BaseModel.m in Sources */,
				5E5322011C73273F008C0AC9 /* BaseTableCell.m in Sources */,
				5E588C3B1C55FC4000AD1C16 /* AppDelegate.m in Sources */,
				5E173AA41C7EEA3B00D2F0D7 /* SlideNavigationContorllerAnimatorSlideAndFade.m in Sources */,
				5E64AE841C8026300062F1BC /* ZYWSideTableView.m in Sources */,
				5E0A8B241C83F1070007A9EA /* IIViewDeckLeftController.m in Sources */,
				5E173A3A1C7D595800D2F0D7 /* NSString+MD5.m in Sources */,
				5E673AE21C7028CA00CA93BB /* UserManager.m in Sources */,
				5E173A7A1C7EE5A500D2F0D7 /* HomeViewController.m in Sources */,
				5E173A5C1C7ED46900D2F0D7 /* WebCacheViewController.m in Sources */,
				5E173A8C1C7EE5E600D2F0D7 /* PersonalInfoViewController.m in Sources */,
				5E0A8B441C8594E30007A9EA /* SCTableViewController.m in Sources */,
				5E5A7EAB1C62F2510052935B /* HomTabBarController.m in Sources */,
				5E6424E21C57636A009990E6 /* BaseViewController.m in Sources */,
				5E557CEF1C718027002C1674 /* MoreViewController.m in Sources */,
				5E173A191C76C14900D2F0D7 /* CacheManager.m in Sources */,
				5E173A521C7ED0CE00D2F0D7 /* CustomURLCache.m in Sources */,
				5E173A321C7D589200D2F0D7 /* FTWCache.m in Sources */,
				5E173AA31C7EEA3B00D2F0D7 /* SlideNavigationContorllerAnimatorSlide.m in Sources */,
				5E173A251C7AFC1400D2F0D7 /* TestWebViewController.m in Sources */,
				5E173A6F1C7EE25900D2F0D7 /* WishViewController.m in Sources */,
				5E5A7E8D1C62E5680052935B /* BaseData.m in Sources */,
				5E173A7F1C7EE5B700D2F0D7 /* HomeModel.m in Sources */,
				5E5A7EB61C633DE00052935B /* DBManager.m in Sources */,
				5E173A1C1C7AD76100D2F0D7 /* BaseWebManager.m in Sources */,
				5E0538631C589A8C00CF8317 /* BaseTableController.m in Sources */,
				5E173A431C7D928400D2F0D7 /* AmplifyCache.m in Sources */,
				5E53220E1C740E3C008C0AC9 /* KCMainViewController.m in Sources */,
				5E0A8B341C8440290007A9EA /* ArticleCollectViewController.m in Sources */,
				5E5322181C745BF2008C0AC9 /* BasketBallViewController.m in Sources */,
				5E0A8B3B1C84409E0007A9EA /* ArticleCollectCell.m in Sources */,
				5E173AA11C7EEA3B00D2F0D7 /* SlideNavigationContorllerAnimatorScale.m in Sources */,
				5E5322071C740DB0008C0AC9 /* KCContact.m in Sources */,
				5E559BE91C61DF00009F3078 /* BaseServicesManager.m in Sources */,
				5E673AE61C705F8C00CA93BB /* ScrollAutoImageView.m in Sources */,
				5E173A651C7EE23200D2F0D7 /* LookForViewController.m in Sources */,
				5E53220A1C740DFB008C0AC9 /* KCContactGroup.m in Sources */,
				5E673AEB1C7074B500CA93BB /* SwipeViewController.m in Sources */,
				5E6424F21C576E96009990E6 /* BaseTabBarController.m in Sources */,
				5E5A7EB91C633FAB0052935B /* BaseDbData.m in Sources */,
				5E557CFC1C71C3F1002C1674 /* BaseSearchViewController.m in Sources */,
				5E0A8B3E1C8440B60007A9EA /* ArticleCollectModel.m in Sources */,
				5E173AA21C7EEA3B00D2F0D7 /* SlideNavigationContorllerAnimatorScaleAndFade.m in Sources */,
				5E173A8E1C7EE5E600D2F0D7 /* TestViewController.m in Sources */,
				5E547B171C60471800155618 /* BaseMultipleSectionTableViewController.m in Sources */,
				5E64AE881C8027300062F1BC /* UIView+SHCZExt.m in Sources */,
				5E557CEB1C71749E002C1674 /* SwipePageViewController.m in Sources */,
				5E173A6A1C7EE24B00D2F0D7 /* DiscoverViewController.m in Sources */,
				5E557CF71C719F48002C1674 /* BaseWebViewController.m in Sources */,
				5E64AE851C8026300062F1BC /* ZYWSideView.m in Sources */,
				5E673ADD1C701C8F00CA93BB /* BootViewController.m in Sources */,
				5E173AA01C7EEA3B00D2F0D7 /* SlideNavigationContorllerAnimatorFade.m in Sources */,
				5E588C381C55FC4000AD1C16 /* main.m in Sources */,
				5E64AE8B1C8027D80062F1BC /* ZYWContainerViewController.m in Sources */,
				5E173A581C7ED22C00D2F0D7 /* Reachability.m in Sources */,
				5E557CF31C719F2D002C1674 /* BaseWebView.m in Sources */,
				5E53221D1C76A72E008C0AC9 /* UtilsManager.m in Sources */,
				5E173A8A1C7EE5E600D2F0D7 /* HomeInfoController.m in Sources */,
				5E5322131C74559A008C0AC9 /* DrogImageView.m in Sources */,
				5E173A741C7EE26A00D2F0D7 /* PersonalViewController.m in Sources */,
				5E559BEC1C61F57E009F3078 /* BaseService.m in Sources */,
				5E173A551C7ED0E200D2F0D7 /* Util.m in Sources */,
			);
			runOnlyForDeploymentPostprocessing = 0;
		};
		5E588C481C55FC4000AD1C16 /* Sources */ = {
			isa = PBXSourcesBuildPhase;
			buildActionMask = 2147483647;
			files = (
				5E588C511C55FC4000AD1C16 /* AmplifyTests.m in Sources */,
			);
			runOnlyForDeploymentPostprocessing = 0;
		};
		5E588C531C55FC4000AD1C16 /* Sources */ = {
			isa = PBXSourcesBuildPhase;
			buildActionMask = 2147483647;
			files = (
				5E588C5C1C55FC4000AD1C16 /* AmplifyUITests.m in Sources */,
			);
			runOnlyForDeploymentPostprocessing = 0;
		};
/* End PBXSourcesBuildPhase section */

/* Begin PBXTargetDependency section */
		5E588C4E1C55FC4000AD1C16 /* PBXTargetDependency */ = {
			isa = PBXTargetDependency;
			target = 5E588C321C55FC4000AD1C16 /* Amplify */;
			targetProxy = 5E588C4D1C55FC4000AD1C16 /* PBXContainerItemProxy */;
		};
		5E588C591C55FC4000AD1C16 /* PBXTargetDependency */ = {
			isa = PBXTargetDependency;
			target = 5E588C321C55FC4000AD1C16 /* Amplify */;
			targetProxy = 5E588C581C55FC4000AD1C16 /* PBXContainerItemProxy */;
		};
/* End PBXTargetDependency section */

/* Begin XCBuildConfiguration section */
		5E588C5E1C55FC4000AD1C16 /* Debug */ = {
			isa = XCBuildConfiguration;
			buildSettings = {
				ALWAYS_SEARCH_USER_PATHS = NO;
				CLANG_CXX_LANGUAGE_STANDARD = "gnu++0x";
				CLANG_CXX_LIBRARY = "libc++";
				CLANG_ENABLE_MODULES = YES;
				CLANG_ENABLE_OBJC_ARC = YES;
				CLANG_WARN_BOOL_CONVERSION = YES;
				CLANG_WARN_CONSTANT_CONVERSION = YES;
				CLANG_WARN_DIRECT_OBJC_ISA_USAGE = YES_ERROR;
				CLANG_WARN_EMPTY_BODY = YES;
				CLANG_WARN_ENUM_CONVERSION = YES;
				CLANG_WARN_INT_CONVERSION = YES;
				CLANG_WARN_OBJC_ROOT_CLASS = YES_ERROR;
				CLANG_WARN_UNREACHABLE_CODE = YES;
				CLANG_WARN__DUPLICATE_METHOD_MATCH = YES;
				"CODE_SIGN_IDENTITY[sdk=iphoneos*]" = "";
				COPY_PHASE_STRIP = NO;
				DEBUG_INFORMATION_FORMAT = dwarf;
				ENABLE_STRICT_OBJC_MSGSEND = YES;
				ENABLE_TESTABILITY = YES;
				GCC_C_LANGUAGE_STANDARD = gnu99;
				GCC_DYNAMIC_NO_PIC = NO;
				GCC_NO_COMMON_BLOCKS = YES;
				GCC_OPTIMIZATION_LEVEL = 0;
				GCC_PREPROCESSOR_DEFINITIONS = (
					"DEBUG=1",
					"$(inherited)",
				);
				GCC_WARN_64_TO_32_BIT_CONVERSION = YES;
				GCC_WARN_ABOUT_RETURN_TYPE = YES_ERROR;
				GCC_WARN_UNDECLARED_SELECTOR = YES;
				GCC_WARN_UNINITIALIZED_AUTOS = YES_AGGRESSIVE;
				GCC_WARN_UNUSED_FUNCTION = YES;
				GCC_WARN_UNUSED_VARIABLE = YES;
				IPHONEOS_DEPLOYMENT_TARGET = 9.2;
				MTL_ENABLE_DEBUG_INFO = YES;
				ONLY_ACTIVE_ARCH = YES;
				SDKROOT = iphoneos;
			};
			name = Debug;
		};
		5E588C5F1C55FC4000AD1C16 /* Release */ = {
			isa = XCBuildConfiguration;
			buildSettings = {
				ALWAYS_SEARCH_USER_PATHS = NO;
				CLANG_CXX_LANGUAGE_STANDARD = "gnu++0x";
				CLANG_CXX_LIBRARY = "libc++";
				CLANG_ENABLE_MODULES = YES;
				CLANG_ENABLE_OBJC_ARC = YES;
				CLANG_WARN_BOOL_CONVERSION = YES;
				CLANG_WARN_CONSTANT_CONVERSION = YES;
				CLANG_WARN_DIRECT_OBJC_ISA_USAGE = YES_ERROR;
				CLANG_WARN_EMPTY_BODY = YES;
				CLANG_WARN_ENUM_CONVERSION = YES;
				CLANG_WARN_INT_CONVERSION = YES;
				CLANG_WARN_OBJC_ROOT_CLASS = YES_ERROR;
				CLANG_WARN_UNREACHABLE_CODE = YES;
				CLANG_WARN__DUPLICATE_METHOD_MATCH = YES;
				"CODE_SIGN_IDENTITY[sdk=iphoneos*]" = "";
				COPY_PHASE_STRIP = NO;
				DEBUG_INFORMATION_FORMAT = "dwarf-with-dsym";
				ENABLE_NS_ASSERTIONS = NO;
				ENABLE_STRICT_OBJC_MSGSEND = YES;
				GCC_C_LANGUAGE_STANDARD = gnu99;
				GCC_NO_COMMON_BLOCKS = YES;
				GCC_WARN_64_TO_32_BIT_CONVERSION = YES;
				GCC_WARN_ABOUT_RETURN_TYPE = YES_ERROR;
				GCC_WARN_UNDECLARED_SELECTOR = YES;
				GCC_WARN_UNINITIALIZED_AUTOS = YES_AGGRESSIVE;
				GCC_WARN_UNUSED_FUNCTION = YES;
				GCC_WARN_UNUSED_VARIABLE = YES;
				IPHONEOS_DEPLOYMENT_TARGET = 9.2;
				MTL_ENABLE_DEBUG_INFO = NO;
				SDKROOT = iphoneos;
				VALIDATE_PRODUCT = YES;
			};
			name = Release;
		};
		5E588C611C55FC4000AD1C16 /* Debug */ = {
			isa = XCBuildConfiguration;
			baseConfigurationReference = 64CD2F92DEFC0F5156370E14 /* Pods.debug.xcconfig */;
			buildSettings = {
				ASSETCATALOG_COMPILER_APPICON_NAME = AppIcon;
				ASSETCATALOG_COMPILER_LAUNCHIMAGE_NAME = LaunchImage;
				CODE_SIGN_IDENTITY = "";
				"CODE_SIGN_IDENTITY[sdk=iphoneos*]" = "";
				GCC_PREFIX_HEADER = ../Amplify/Amplify/JXFramework/Common/PrefixHeader.pch;
				INFOPLIST_FILE = Amplify/Info.plist;
				IPHONEOS_DEPLOYMENT_TARGET = 7.0;
				LD_RUNPATH_SEARCH_PATHS = "$(inherited) @executable_path/Frameworks";
				PRODUCT_BUNDLE_IDENTIFIER = com.jx.Amplify;
				PRODUCT_NAME = "$(TARGET_NAME)";
				TARGETED_DEVICE_FAMILY = 1;
			};
			name = Debug;
		};
		5E588C621C55FC4000AD1C16 /* Release */ = {
			isa = XCBuildConfiguration;
			baseConfigurationReference = A3EA228AC680DD29A2228CB4 /* Pods.release.xcconfig */;
			buildSettings = {
				ASSETCATALOG_COMPILER_APPICON_NAME = AppIcon;
				ASSETCATALOG_COMPILER_LAUNCHIMAGE_NAME = LaunchImage;
				CODE_SIGN_IDENTITY = "";
				"CODE_SIGN_IDENTITY[sdk=iphoneos*]" = "";
				GCC_PREFIX_HEADER = ../Amplify/Amplify/JXFramework/Common/PrefixHeader.pch;
				INFOPLIST_FILE = Amplify/Info.plist;
				IPHONEOS_DEPLOYMENT_TARGET = 7.0;
				LD_RUNPATH_SEARCH_PATHS = "$(inherited) @executable_path/Frameworks";
				PRODUCT_BUNDLE_IDENTIFIER = com.jx.Amplify;
				PRODUCT_NAME = "$(TARGET_NAME)";
				TARGETED_DEVICE_FAMILY = 1;
			};
			name = Release;
		};
		5E588C641C55FC4000AD1C16 /* Debug */ = {
			isa = XCBuildConfiguration;
			buildSettings = {
				BUNDLE_LOADER = "$(TEST_HOST)";
				INFOPLIST_FILE = AmplifyTests/Info.plist;
				LD_RUNPATH_SEARCH_PATHS = "$(inherited) @executable_path/Frameworks @loader_path/Frameworks";
				PRODUCT_BUNDLE_IDENTIFIER = com.jx.AmplifyTests;
				PRODUCT_NAME = "$(TARGET_NAME)";
				TEST_HOST = "$(BUILT_PRODUCTS_DIR)/Amplify.app/Amplify";
			};
			name = Debug;
		};
		5E588C651C55FC4000AD1C16 /* Release */ = {
			isa = XCBuildConfiguration;
			buildSettings = {
				BUNDLE_LOADER = "$(TEST_HOST)";
				INFOPLIST_FILE = AmplifyTests/Info.plist;
				LD_RUNPATH_SEARCH_PATHS = "$(inherited) @executable_path/Frameworks @loader_path/Frameworks";
				PRODUCT_BUNDLE_IDENTIFIER = com.jx.AmplifyTests;
				PRODUCT_NAME = "$(TARGET_NAME)";
				TEST_HOST = "$(BUILT_PRODUCTS_DIR)/Amplify.app/Amplify";
			};
			name = Release;
		};
		5E588C671C55FC4000AD1C16 /* Debug */ = {
			isa = XCBuildConfiguration;
			buildSettings = {
				INFOPLIST_FILE = AmplifyUITests/Info.plist;
				LD_RUNPATH_SEARCH_PATHS = "$(inherited) @executable_path/Frameworks @loader_path/Frameworks";
				PRODUCT_BUNDLE_IDENTIFIER = com.jx.AmplifyUITests;
				PRODUCT_NAME = "$(TARGET_NAME)";
				TEST_TARGET_NAME = Amplify;
				USES_XCTRUNNER = YES;
			};
			name = Debug;
		};
		5E588C681C55FC4000AD1C16 /* Release */ = {
			isa = XCBuildConfiguration;
			buildSettings = {
				INFOPLIST_FILE = AmplifyUITests/Info.plist;
				LD_RUNPATH_SEARCH_PATHS = "$(inherited) @executable_path/Frameworks @loader_path/Frameworks";
				PRODUCT_BUNDLE_IDENTIFIER = com.jx.AmplifyUITests;
				PRODUCT_NAME = "$(TARGET_NAME)";
				TEST_TARGET_NAME = Amplify;
				USES_XCTRUNNER = YES;
			};
			name = Release;
		};
/* End XCBuildConfiguration section */

/* Begin XCConfigurationList section */
		5E588C2E1C55FC4000AD1C16 /* Build configuration list for PBXProject "Amplify" */ = {
			isa = XCConfigurationList;
			buildConfigurations = (
				5E588C5E1C55FC4000AD1C16 /* Debug */,
				5E588C5F1C55FC4000AD1C16 /* Release */,
			);
			defaultConfigurationIsVisible = 0;
			defaultConfigurationName = Release;
		};
		5E588C601C55FC4000AD1C16 /* Build configuration list for PBXNativeTarget "Amplify" */ = {
			isa = XCConfigurationList;
			buildConfigurations = (
				5E588C611C55FC4000AD1C16 /* Debug */,
				5E588C621C55FC4000AD1C16 /* Release */,
			);
			defaultConfigurationIsVisible = 0;
			defaultConfigurationName = Release;
		};
		5E588C631C55FC4000AD1C16 /* Build configuration list for PBXNativeTarget "AmplifyTests" */ = {
			isa = XCConfigurationList;
			buildConfigurations = (
				5E588C641C55FC4000AD1C16 /* Debug */,
				5E588C651C55FC4000AD1C16 /* Release */,
			);
			defaultConfigurationIsVisible = 0;
			defaultConfigurationName = Release;
		};
		5E588C661C55FC4000AD1C16 /* Build configuration list for PBXNativeTarget "AmplifyUITests" */ = {
			isa = XCConfigurationList;
			buildConfigurations = (
				5E588C671C55FC4000AD1C16 /* Debug */,
				5E588C681C55FC4000AD1C16 /* Release */,
			);
			defaultConfigurationIsVisible = 0;
			defaultConfigurationName = Release;
		};
/* End XCConfigurationList section */
	};
	rootObject = 5E588C2B1C55FC4000AD1C16 /* Project object */;
}
